// !$*UTF8*$!
{
	archiveVersion = 1;
	classes = {
	};
	objectVersion = 56;
	objects = {

/* Begin PBXBuildFile section */
		0371B8982EB00001008AFC8E /* DraggableItemCard.swift in Sources */ = {isa = PBXBuildFile; fileRef = 0371B8972EB00001008AFC8E /* DraggableItemCard.swift */; };
		2D768DB42EB00002008AFC8E /* DropZoneView.swift in Sources */ = {isa = PBXBuildFile; fileRef = 2D768DB32EB00002008AFC8E /* DropZoneView.swift */; };
		62C471142EAE8888008AFC8E /* FeedbackService.swift in Sources */ = {isa = PBXBuildFile; fileRef = 62C471132EAE8888008AFC8E /* FeedbackService.swift */; };
		7D95821D2EA32EAF008AFC8E /* SignUpView.swift in Sources */ = {isa = PBXBuildFile; fileRef = 7D95821C2EA32EAF008AFC8E /* SignUpView.swift */; };
		7D95825B2EA45859008AFC8E /* MultipleChoiceQuestionView.swift in Sources */ = {isa = PBXBuildFile; fileRef = 7D9582582EA45859008AFC8E /* MultipleChoiceQuestionView.swift */; };
		7D95825C2EA45859008AFC8E /* Question.swift in Sources */ = {isa = PBXBuildFile; fileRef = 7D9582592EA45859008AFC8E /* Question.swift */; };
		7D95825D2EA45859008AFC8E /* QuestionService.swift in Sources */ = {isa = PBXBuildFile; fileRef = 7D95825A2EA45859008AFC8E /* QuestionService.swift */; };
		7D9582632EA84754008AFC8E /* Config-Secrets.plist in Resources */ = {isa = PBXBuildFile; fileRef = 7D95825F2EA84754008AFC8E /* Config-Secrets.plist */; };
		7D9582642EA84754008AFC8E /* Config-Example.plist in Resources */ = {isa = PBXBuildFile; fileRef = 7D9582602EA84754008AFC8E /* Config-Example.plist */; };
		7D9582652EA84754008AFC8E /* Config.swift in Sources */ = {isa = PBXBuildFile; fileRef = 7D9582612EA84754008AFC8E /* Config.swift */; };
		7D9582672EA85671008AFC8E /* AuthenticationTests.swift in Sources */ = {isa = PBXBuildFile; fileRef = 7D9582662EA85671008AFC8E /* AuthenticationTests.swift */; };
		7D9582692EA86A33008AFC8E /* AdaptiveText.swift in Sources */ = {isa = PBXBuildFile; fileRef = 7D9582682EA86A33008AFC8E /* AdaptiveText.swift */; };
		7D95826B2EA86A33008AFC8E /* QuestionImageView.swift in Sources */ = {isa = PBXBuildFile; fileRef = 7D95826A2EA86A33008AFC8E /* QuestionImageView.swift */; };
		7D95826B2EAB0574008AFC8E /* ImageHelper.swift in Sources */ = {isa = PBXBuildFile; fileRef = 7D95826A2EAB0574008AFC8E /* ImageHelper.swift */; };
		7D95826D2EAB0574008AFC8E /* ContributionsTracker.swift in Sources */ = {isa = PBXBuildFile; fileRef = 7D95826C2EAB0574008AFC8E /* ContributionsTracker.swift */; };
		7D95826E2EAB0574008AFC8E /* ConfigTest.swift in Sources */ = {isa = PBXBuildFile; fileRef = 7D95826F2EAB0574008AFC8E /* ConfigTest.swift */; };
		7D9582702EAB0574008AFC8E /* CategoryPerformanceView.swift in Sources */ = {isa = PBXBuildFile; fileRef = 7D9582712EAB0574008AFC8E /* CategoryPerformanceView.swift */; };
		7D9582702EAE8037008AFC8E /* SubscriptionSettingsView.swift in Sources */ = {isa = PBXBuildFile; fileRef = 7D95826C2EAE8037008AFC8E /* SubscriptionSettingsView.swift */; };
		7D9582712EAE8037008AFC8E /* SubscriptionBenefitsView.swift in Sources */ = {isa = PBXBuildFile; fileRef = 7D95826D2EAE8037008AFC8E /* SubscriptionBenefitsView.swift */; };
		7D9582722EAE8037008AFC8E /* SubscriptionModels.swift in Sources */ = {isa = PBXBuildFile; fileRef = 7D95826E2EAE8037008AFC8E /* SubscriptionModels.swift */; };
		7D9582732EAE8037008AFC8E /* SubscriptionService.swift in Sources */ = {isa = PBXBuildFile; fileRef = 7D95826F2EAE8037008AFC8E /* SubscriptionService.swift */; };
		7D9582762EAE8037008AFC8E /* RevenueCatSubscriptionProvider.swift in Sources */ = {isa = PBXBuildFile; fileRef = 7D9582772EAE8037008AFC8E /* RevenueCatSubscriptionProvider.swift */; };
		7D9582782EAE8037008AFC8E /* RevenueCatPaywallView.swift in Sources */ = {isa = PBXBuildFile; fileRef = 7D9582792EAE8037008AFC8E /* RevenueCatPaywallView.swift */; };
		7D9A3F0B2EEDD28100A9D697 /* RevenueCat in Frameworks */ = {isa = PBXBuildFile; productRef = 7D9A3F0C2EEDD28100A9D697 /* RevenueCat */; };
		7DCCAE012E9F30B2003A8156 /* TheDailyDevApp.swift in Sources */ = {isa = PBXBuildFile; fileRef = 7DCCAE002E9F30B2003A8156 /* TheDailyDevApp.swift */; };
		7DCCAE032E9F30B2003A8156 /* ContentView.swift in Sources */ = {isa = PBXBuildFile; fileRef = 7DCCAE022E9F30B2003A8156 /* ContentView.swift */; };
		7DCCAE052E9F30B4003A8156 /* Assets.xcassets in Resources */ = {isa = PBXBuildFile; fileRef = 7DCCAE042E9F30B4003A8156 /* Assets.xcassets */; };
		7DCCAE082E9F30B4003A8156 /* Preview Assets.xcassets in Resources */ = {isa = PBXBuildFile; fileRef = 7DCCAE072E9F30B4003A8156 /* Preview Assets.xcassets */; };
		7DCCAE122E9F30B4003A8156 /* TheDailyDevTests.swift in Sources */ = {isa = PBXBuildFile; fileRef = 7DCCAE112E9F30B4003A8156 /* TheDailyDevTests.swift */; };
		7DCCAE1C2E9F30B4003A8156 /* TheDailyDevUITests.swift in Sources */ = {isa = PBXBuildFile; fileRef = 7DCCAE1B2E9F30B4003A8156 /* TheDailyDevUITests.swift */; };
		7DCCAE1E2E9F30B4003A8156 /* TheDailyDevUITestsLaunchTests.swift in Sources */ = {isa = PBXBuildFile; fileRef = 7DCCAE1D2E9F30B4003A8156 /* TheDailyDevUITestsLaunchTests.swift */; };
		7DCCAE2D2EA08AD5003A8156 /* LoginView.swift in Sources */ = {isa = PBXBuildFile; fileRef = 7DCCAE2C2EA08AD5003A8156 /* LoginView.swift */; };
		7DCCAE2F2EA08AF1003A8156 /* HomeView.swift in Sources */ = {isa = PBXBuildFile; fileRef = 7DCCAE2E2EA08AF1003A8156 /* HomeView.swift */; };
		7DCCAE312EA08B08003A8156 /* ProfileView.swift in Sources */ = {isa = PBXBuildFile; fileRef = 7DCCAE302EA08B08003A8156 /* ProfileView.swift */; };
		7DCCAE342EA1D043003A8156 /* Supabase in Frameworks */ = {isa = PBXBuildFile; productRef = 7DCCAE332EA1D043003A8156 /* Supabase */; };
		7DCCAE362EA1D08A003A8156 /* SupabaseManager.swift in Sources */ = {isa = PBXBuildFile; fileRef = 7DCCAE352EA1D08A003A8156 /* SupabaseManager.swift */; };
		9D1165592EB00000008AFC8E /* MatchingQuestionView.swift in Sources */ = {isa = PBXBuildFile; fileRef = 9D1165582EB00000008AFC8E /* MatchingQuestionView.swift */; };
		A1B2C3D42EB11111008AFC8E /* OrderingQuestionView.swift in Sources */ = {isa = PBXBuildFile; fileRef = A1B2C3D32EB11111008AFC8E /* OrderingQuestionView.swift */; };
		A1N2A3L42ED99999108AFC8E /* AnalyticsService.swift in Sources */ = {isa = PBXBuildFile; fileRef = A1N2A3L52ED99999108AFC8E /* AnalyticsService.swift */; };
		AA11BB222EC0000000AFC8E /* Theme.swift in Sources */ = {isa = PBXBuildFile; fileRef = AA11BB212EC0000000AFC8E /* Theme.swift */; };
		B1B2B3B42ED22345008AFC8E /* AuthManager.swift in Sources */ = {isa = PBXBuildFile; fileRef = B1B2B3B32ED22345008AFC8E /* AuthManager.swift */; };
		B2A1C3D42F3A0001008AFC8E /* InitialAssessmentFlowView.swift in Sources */ = {isa = PBXBuildFile; fileRef = B2A1C3D72F3A0001008AFC8E /* InitialAssessmentFlowView.swift */; };
		B2A1C3D52F3A0001008AFC8E /* SelfAssessmentService.swift in Sources */ = {isa = PBXBuildFile; fileRef = B2A1C3D82F3A0001008AFC8E /* SelfAssessmentService.swift */; };
		B2A1C3D62F3A0001008AFC8E /* SelfAssessmentChartView.swift in Sources */ = {isa = PBXBuildFile; fileRef = B2A1C3D92F3A0001008AFC8E /* SelfAssessmentChartView.swift */; };
		D1E2B3U42ED99999008AFC8E /* DebugLogger.swift in Sources */ = {isa = PBXBuildFile; fileRef = D1E2B3U52ED99999008AFC8E /* DebugLogger.swift */; };
		DED1D212C9B31179FBAC8E87 /* PrivacyInfo.xcprivacy in Resources */ = {isa = PBXBuildFile; fileRef = DED1D212C9B31179FBAC8E88 /* PrivacyInfo.xcprivacy */; };
		E1F2E3E42ED33345008AFC8E /* EmailVerificationView.swift in Sources */ = {isa = PBXBuildFile; fileRef = E1F2E3E32ED33345008AFC8E /* EmailVerificationView.swift */; };
		E1M2A3I42ED99945008AFC8E /* EmailVerificationManager.swift in Sources */ = {isa = PBXBuildFile; fileRef = E1M2A3I32ED99945008AFC8E /* EmailVerificationManager.swift */; };
		F1A2B3C62ED12345008AFC8E /* ContributionsTrackerUITests.swift in Sources */ = {isa = PBXBuildFile; fileRef = F1A2B3C32ED12345008AFC8E /* ContributionsTrackerUITests.swift */; };
		F1A2B3C72ED12345008AFC8E /* SignInOutFlowTests.swift in Sources */ = {isa = PBXBuildFile; fileRef = F1A2B3C42ED12345008AFC8E /* SignInOutFlowTests.swift */; };
		F1G2G3G42ED44445008AFC8E /* ForgotPasswordView.swift in Sources */ = {isa = PBXBuildFile; fileRef = F1G2G3G32ED44445008AFC8E /* ForgotPasswordView.swift */; };
		F3E5F6F52EAE9999008AFC8E /* FeedbackView.swift in Sources */ = {isa = PBXBuildFile; fileRef = F3E5F6F42EAE9999008AFC8E /* FeedbackView.swift */; };
		G1H2H3H42ED55545008AFC8E /* ResetPasswordView.swift in Sources */ = {isa = PBXBuildFile; fileRef = G1H2H3H32ED55545008AFC8E /* ResetPasswordView.swift */; };
		H1I2I3I42ED66645008AFC8E /* FirstQuestionCompleteView.swift in Sources */ = {isa = PBXBuildFile; fileRef = H1I2I3I32ED66645008AFC8E /* FirstQuestionCompleteView.swift */; };
		I1J2J3J42ED77745008AFC8E /* SubscriptionDetailsView.swift in Sources */ = {isa = PBXBuildFile; fileRef = I1J2J3J32ED77745008AFC8E /* SubscriptionDetailsView.swift */; };
		O1N2B3O42ED99945008AFC8E /* OnboardingView.swift in Sources */ = {isa = PBXBuildFile; fileRef = O1N2B3O32ED99945008AFC8E /* OnboardingView.swift */; };
		O1N2B3O52ED99999308AFC8E /* OnboardingTourManager.swift in Sources */ = {isa = PBXBuildFile; fileRef = O1N2B3O62ED99999308AFC8E /* OnboardingTourManager.swift */; };
		P1O2S3T62ED99999008AFC8E /* PostHog in Frameworks */ = {isa = PBXBuildFile; productRef = P1O2S3T52ED99999008AFC8E /* PostHog */; };
		P1Q2R3S42ED88845008AFC8E /* PasswordResetManager.swift in Sources */ = {isa = PBXBuildFile; fileRef = P1Q2R3S32ED88845008AFC8E /* PasswordResetManager.swift */; };
		T1O2U3R42ED99999208AFC8E /* TourStep.swift in Sources */ = {isa = PBXBuildFile; fileRef = T1O2U3R52ED99999208AFC8E /* TourStep.swift */; };
		T1O2U3R62ED99999408AFC8E /* TourOverlayView.swift in Sources */ = {isa = PBXBuildFile; fileRef = T1O2U3R72ED99999408AFC8E /* TourOverlayView.swift */; };
		T1O2U3R82ED99999608AFC8E /* TourHighlightModifier.swift in Sources */ = {isa = PBXBuildFile; fileRef = T1O2U3R92ED99999608AFC8E /* TourHighlightModifier.swift */; };
		V1I2E3W42ED99999508AFC8E /* ViewFramePreferenceKey.swift in Sources */ = {isa = PBXBuildFile; fileRef = V1I2E3W52ED99999508AFC8E /* ViewFramePreferenceKey.swift */; };
/* End PBXBuildFile section */

/* Begin PBXContainerItemProxy section */
		7DCCAE0E2E9F30B4003A8156 /* PBXContainerItemProxy */ = {
			isa = PBXContainerItemProxy;
			containerPortal = 7DCCADF52E9F30B2003A8156 /* Project object */;
			proxyType = 1;
			remoteGlobalIDString = 7DCCADFC2E9F30B2003A8156;
			remoteInfo = TheDailyDev;
		};
		7DCCAE182E9F30B4003A8156 /* PBXContainerItemProxy */ = {
			isa = PBXContainerItemProxy;
			containerPortal = 7DCCADF52E9F30B2003A8156 /* Project object */;
			proxyType = 1;
			remoteGlobalIDString = 7DCCADFC2E9F30B2003A8156;
			remoteInfo = TheDailyDev;
		};
/* End PBXContainerItemProxy section */

/* Begin PBXFileReference section */
		0371B8972EB00001008AFC8E /* DraggableItemCard.swift */ = {isa = PBXFileReference; fileEncoding = 4; lastKnownFileType = sourcecode.swift; path = DraggableItemCard.swift; sourceTree = "<group>"; };
		2D768DB32EB00002008AFC8E /* DropZoneView.swift */ = {isa = PBXFileReference; fileEncoding = 4; lastKnownFileType = sourcecode.swift; path = DropZoneView.swift; sourceTree = "<group>"; };
		62C471132EAE8888008AFC8E /* FeedbackService.swift */ = {isa = PBXFileReference; fileEncoding = 4; lastKnownFileType = sourcecode.swift; path = FeedbackService.swift; sourceTree = "<group>"; };
		7D95821C2EA32EAF008AFC8E /* SignUpView.swift */ = {isa = PBXFileReference; lastKnownFileType = sourcecode.swift; path = SignUpView.swift; sourceTree = "<group>"; };
		7D9582582EA45859008AFC8E /* MultipleChoiceQuestionView.swift */ = {isa = PBXFileReference; fileEncoding = 4; lastKnownFileType = sourcecode.swift; path = MultipleChoiceQuestionView.swift; sourceTree = "<group>"; };
		7D9582592EA45859008AFC8E /* Question.swift */ = {isa = PBXFileReference; fileEncoding = 4; lastKnownFileType = sourcecode.swift; path = Question.swift; sourceTree = "<group>"; };
		7D95825A2EA45859008AFC8E /* QuestionService.swift */ = {isa = PBXFileReference; fileEncoding = 4; lastKnownFileType = sourcecode.swift; path = QuestionService.swift; sourceTree = "<group>"; };
		7D95825F2EA84754008AFC8E /* Config-Secrets.plist */ = {isa = PBXFileReference; fileEncoding = 4; lastKnownFileType = text.plist.xml; path = "Config-Secrets.plist"; sourceTree = "<group>"; };
		7D9582602EA84754008AFC8E /* Config-Example.plist */ = {isa = PBXFileReference; fileEncoding = 4; lastKnownFileType = text.plist.xml; path = "Config-Example.plist"; sourceTree = "<group>"; };
		7D9582612EA84754008AFC8E /* Config.swift */ = {isa = PBXFileReference; fileEncoding = 4; lastKnownFileType = sourcecode.swift; path = Config.swift; sourceTree = "<group>"; };
		7D9582662EA85671008AFC8E /* AuthenticationTests.swift */ = {isa = PBXFileReference; fileEncoding = 4; lastKnownFileType = sourcecode.swift; path = AuthenticationTests.swift; sourceTree = "<group>"; };
		7D9582682EA86A33008AFC8E /* AdaptiveText.swift */ = {isa = PBXFileReference; fileEncoding = 4; lastKnownFileType = sourcecode.swift; path = AdaptiveText.swift; sourceTree = "<group>"; };
		7D95826A2EA86A33008AFC8E /* QuestionImageView.swift */ = {isa = PBXFileReference; fileEncoding = 4; lastKnownFileType = sourcecode.swift; path = QuestionImageView.swift; sourceTree = "<group>"; };
		7D95826A2EAB0574008AFC8E /* ImageHelper.swift */ = {isa = PBXFileReference; fileEncoding = 4; lastKnownFileType = sourcecode.swift; path = ImageHelper.swift; sourceTree = "<group>"; };
		7D95826C2EAB0574008AFC8E /* ContributionsTracker.swift */ = {isa = PBXFileReference; fileEncoding = 4; lastKnownFileType = sourcecode.swift; path = ContributionsTracker.swift; sourceTree = "<group>"; };
		7D95826C2EAE8037008AFC8E /* SubscriptionSettingsView.swift */ = {isa = PBXFileReference; fileEncoding = 4; lastKnownFileType = sourcecode.swift; path = SubscriptionSettingsView.swift; sourceTree = "<group>"; };
		7D95826D2EAE8037008AFC8E /* SubscriptionBenefitsView.swift */ = {isa = PBXFileReference; fileEncoding = 4; lastKnownFileType = sourcecode.swift; path = SubscriptionBenefitsView.swift; sourceTree = "<group>"; };
		7D95826E2EAE8037008AFC8E /* SubscriptionModels.swift */ = {isa = PBXFileReference; fileEncoding = 4; lastKnownFileType = sourcecode.swift; path = SubscriptionModels.swift; sourceTree = "<group>"; };
		7D95826F2EAB0574008AFC8E /* ConfigTest.swift */ = {isa = PBXFileReference; fileEncoding = 4; lastKnownFileType = sourcecode.swift; path = ConfigTest.swift; sourceTree = "<group>"; };
		7D95826F2EAE8037008AFC8E /* SubscriptionService.swift */ = {isa = PBXFileReference; fileEncoding = 4; lastKnownFileType = sourcecode.swift; path = SubscriptionService.swift; sourceTree = "<group>"; };
		7D9582712EAB0574008AFC8E /* CategoryPerformanceView.swift */ = {isa = PBXFileReference; fileEncoding = 4; lastKnownFileType = sourcecode.swift; path = CategoryPerformanceView.swift; sourceTree = "<group>"; };
		7D9582742EAE88BE008AFC8E /* Info.plist */ = {isa = PBXFileReference; lastKnownFileType = text.plist; path = Info.plist; sourceTree = "<group>"; };
		7D9582772EAE8037008AFC8E /* RevenueCatSubscriptionProvider.swift */ = {isa = PBXFileReference; fileEncoding = 4; lastKnownFileType = sourcecode.swift; path = RevenueCatSubscriptionProvider.swift; sourceTree = "<group>"; };
		7D9582792EAE8037008AFC8E /* RevenueCatPaywallView.swift */ = {isa = PBXFileReference; fileEncoding = 4; lastKnownFileType = sourcecode.swift; path = RevenueCatPaywallView.swift; sourceTree = "<group>"; };
		7D9A3F0D2F2313CA00A9D697 /* TheDailyDev.entitlements */ = {isa = PBXFileReference; lastKnownFileType = text.plist.entitlements; path = TheDailyDev.entitlements; sourceTree = "<group>"; };
		7DCCADFD2E9F30B2003A8156 /* TheDailyDev.app */ = {isa = PBXFileReference; explicitFileType = wrapper.application; includeInIndex = 0; path = TheDailyDev.app; sourceTree = BUILT_PRODUCTS_DIR; };
		7DCCAE002E9F30B2003A8156 /* TheDailyDevApp.swift */ = {isa = PBXFileReference; lastKnownFileType = sourcecode.swift; path = TheDailyDevApp.swift; sourceTree = "<group>"; };
		7DCCAE022E9F30B2003A8156 /* ContentView.swift */ = {isa = PBXFileReference; lastKnownFileType = sourcecode.swift; path = ContentView.swift; sourceTree = "<group>"; };
		7DCCAE042E9F30B4003A8156 /* Assets.xcassets */ = {isa = PBXFileReference; lastKnownFileType = folder.assetcatalog; path = Assets.xcassets; sourceTree = "<group>"; };
		7DCCAE072E9F30B4003A8156 /* Preview Assets.xcassets */ = {isa = PBXFileReference; lastKnownFileType = folder.assetcatalog; path = "Preview Assets.xcassets"; sourceTree = "<group>"; };
		7DCCAE0D2E9F30B4003A8156 /* TheDailyDevTests.xctest */ = {isa = PBXFileReference; explicitFileType = wrapper.cfbundle; includeInIndex = 0; path = TheDailyDevTests.xctest; sourceTree = BUILT_PRODUCTS_DIR; };
		7DCCAE112E9F30B4003A8156 /* TheDailyDevTests.swift */ = {isa = PBXFileReference; lastKnownFileType = sourcecode.swift; path = TheDailyDevTests.swift; sourceTree = "<group>"; };
		7DCCAE172E9F30B4003A8156 /* TheDailyDevUITests.xctest */ = {isa = PBXFileReference; explicitFileType = wrapper.cfbundle; includeInIndex = 0; path = TheDailyDevUITests.xctest; sourceTree = BUILT_PRODUCTS_DIR; };
		7DCCAE1B2E9F30B4003A8156 /* TheDailyDevUITests.swift */ = {isa = PBXFileReference; lastKnownFileType = sourcecode.swift; path = TheDailyDevUITests.swift; sourceTree = "<group>"; };
		7DCCAE1D2E9F30B4003A8156 /* TheDailyDevUITestsLaunchTests.swift */ = {isa = PBXFileReference; lastKnownFileType = sourcecode.swift; path = TheDailyDevUITestsLaunchTests.swift; sourceTree = "<group>"; };
		7DCCAE2C2EA08AD5003A8156 /* LoginView.swift */ = {isa = PBXFileReference; lastKnownFileType = sourcecode.swift; path = LoginView.swift; sourceTree = "<group>"; };
		7DCCAE2E2EA08AF1003A8156 /* HomeView.swift */ = {isa = PBXFileReference; lastKnownFileType = sourcecode.swift; path = HomeView.swift; sourceTree = "<group>"; };
		7DCCAE302EA08B08003A8156 /* ProfileView.swift */ = {isa = PBXFileReference; lastKnownFileType = sourcecode.swift; path = ProfileView.swift; sourceTree = "<group>"; };
		7DCCAE352EA1D08A003A8156 /* SupabaseManager.swift */ = {isa = PBXFileReference; lastKnownFileType = sourcecode.swift; path = SupabaseManager.swift; sourceTree = "<group>"; };
		9D1165582EB00000008AFC8E /* MatchingQuestionView.swift */ = {isa = PBXFileReference; fileEncoding = 4; lastKnownFileType = sourcecode.swift; path = MatchingQuestionView.swift; sourceTree = "<group>"; };
		A1B2C3D32EB11111008AFC8E /* OrderingQuestionView.swift */ = {isa = PBXFileReference; fileEncoding = 4; lastKnownFileType = sourcecode.swift; path = OrderingQuestionView.swift; sourceTree = "<group>"; };
		A1N2A3L52ED99999108AFC8E /* AnalyticsService.swift */ = {isa = PBXFileReference; fileEncoding = 4; lastKnownFileType = sourcecode.swift; path = AnalyticsService.swift; sourceTree = "<group>"; };
		AA11BB212EC0000000AFC8E /* Theme.swift */ = {isa = PBXFileReference; fileEncoding = 4; lastKnownFileType = sourcecode.swift; path = Theme.swift; sourceTree = "<group>"; };
		B1B2B3B32ED22345008AFC8E /* AuthManager.swift */ = {isa = PBXFileReference; fileEncoding = 4; lastKnownFileType = sourcecode.swift; path = AuthManager.swift; sourceTree = "<group>"; };
		B2A1C3D72F3A0001008AFC8E /* InitialAssessmentFlowView.swift */ = {isa = PBXFileReference; fileEncoding = 4; lastKnownFileType = sourcecode.swift; path = InitialAssessmentFlowView.swift; sourceTree = "<group>"; };
		B2A1C3D82F3A0001008AFC8E /* SelfAssessmentService.swift */ = {isa = PBXFileReference; fileEncoding = 4; lastKnownFileType = sourcecode.swift; path = SelfAssessmentService.swift; sourceTree = "<group>"; };
		B2A1C3D92F3A0001008AFC8E /* SelfAssessmentChartView.swift */ = {isa = PBXFileReference; fileEncoding = 4; lastKnownFileType = sourcecode.swift; path = SelfAssessmentChartView.swift; sourceTree = "<group>"; };
		D1E2B3U52ED99999008AFC8E /* DebugLogger.swift */ = {isa = PBXFileReference; fileEncoding = 4; lastKnownFileType = sourcecode.swift; path = DebugLogger.swift; sourceTree = "<group>"; };
		DED1D212C9B31179FBAC8E88 /* PrivacyInfo.xcprivacy */ = {isa = PBXFileReference; lastKnownFileType = text.plist.xml; path = PrivacyInfo.xcprivacy; sourceTree = "<group>"; };
		E1F2E3E32ED33345008AFC8E /* EmailVerificationView.swift */ = {isa = PBXFileReference; fileEncoding = 4; lastKnownFileType = sourcecode.swift; path = EmailVerificationView.swift; sourceTree = "<group>"; };
		E1M2A3I32ED99945008AFC8E /* EmailVerificationManager.swift */ = {isa = PBXFileReference; fileEncoding = 4; lastKnownFileType = sourcecode.swift; path = EmailVerificationManager.swift; sourceTree = "<group>"; };
		F1A2B3C32ED12345008AFC8E /* ContributionsTrackerUITests.swift */ = {isa = PBXFileReference; lastKnownFileType = sourcecode.swift; path = ContributionsTrackerUITests.swift; sourceTree = "<group>"; };
		F1A2B3C42ED12345008AFC8E /* SignInOutFlowTests.swift */ = {isa = PBXFileReference; lastKnownFileType = sourcecode.swift; path = SignInOutFlowTests.swift; sourceTree = "<group>"; };
		F1G2G3G32ED44445008AFC8E /* ForgotPasswordView.swift */ = {isa = PBXFileReference; fileEncoding = 4; lastKnownFileType = sourcecode.swift; path = ForgotPasswordView.swift; sourceTree = "<group>"; };
		F3E5F6F42EAE9999008AFC8E /* FeedbackView.swift */ = {isa = PBXFileReference; fileEncoding = 4; lastKnownFileType = sourcecode.swift; path = FeedbackView.swift; sourceTree = "<group>"; };
		G1H2H3H32ED55545008AFC8E /* ResetPasswordView.swift */ = {isa = PBXFileReference; fileEncoding = 4; lastKnownFileType = sourcecode.swift; path = ResetPasswordView.swift; sourceTree = "<group>"; };
		H1I2I3I32ED66645008AFC8E /* FirstQuestionCompleteView.swift */ = {isa = PBXFileReference; fileEncoding = 4; lastKnownFileType = sourcecode.swift; path = FirstQuestionCompleteView.swift; sourceTree = "<group>"; };
		I1J2J3J32ED77745008AFC8E /* SubscriptionDetailsView.swift */ = {isa = PBXFileReference; fileEncoding = 4; lastKnownFileType = sourcecode.swift; path = SubscriptionDetailsView.swift; sourceTree = "<group>"; };
		O1N2B3O32ED99945008AFC8E /* OnboardingView.swift */ = {isa = PBXFileReference; lastKnownFileType = sourcecode.swift; path = OnboardingView.swift; sourceTree = "<group>"; };
		O1N2B3O62ED99999308AFC8E /* OnboardingTourManager.swift */ = {isa = PBXFileReference; fileEncoding = 4; lastKnownFileType = sourcecode.swift; path = OnboardingTourManager.swift; sourceTree = "<group>"; };
		P1Q2R3S32ED88845008AFC8E /* PasswordResetManager.swift */ = {isa = PBXFileReference; fileEncoding = 4; lastKnownFileType = sourcecode.swift; path = PasswordResetManager.swift; sourceTree = "<group>"; };
		T1O2U3R52ED99999208AFC8E /* TourStep.swift */ = {isa = PBXFileReference; fileEncoding = 4; lastKnownFileType = sourcecode.swift; path = TourStep.swift; sourceTree = "<group>"; };
		T1O2U3R72ED99999408AFC8E /* TourOverlayView.swift */ = {isa = PBXFileReference; fileEncoding = 4; lastKnownFileType = sourcecode.swift; path = TourOverlayView.swift; sourceTree = "<group>"; };
		T1O2U3R92ED99999608AFC8E /* TourHighlightModifier.swift */ = {isa = PBXFileReference; fileEncoding = 4; lastKnownFileType = sourcecode.swift; path = TourHighlightModifier.swift; sourceTree = "<group>"; };
		V1I2E3W52ED99999508AFC8E /* ViewFramePreferenceKey.swift */ = {isa = PBXFileReference; fileEncoding = 4; lastKnownFileType = sourcecode.swift; path = ViewFramePreferenceKey.swift; sourceTree = "<group>"; };
/* End PBXFileReference section */

/* Begin PBXFrameworksBuildPhase section */
		7DCCADFA2E9F30B2003A8156 /* Frameworks */ = {
			isa = PBXFrameworksBuildPhase;
			buildActionMask = 2147483647;
			files = (
				7DCCAE342EA1D043003A8156 /* Supabase in Frameworks */,
				7D9A3F0B2EEDD28100A9D697 /* RevenueCat in Frameworks */,
				P1O2S3T62ED99999008AFC8E /* PostHog in Frameworks */,
			);
			runOnlyForDeploymentPostprocessing = 0;
		};
		7DCCAE0A2E9F30B4003A8156 /* Frameworks */ = {
			isa = PBXFrameworksBuildPhase;
			buildActionMask = 2147483647;
			files = (
			);
			runOnlyForDeploymentPostprocessing = 0;
		};
		7DCCAE142E9F30B4003A8156 /* Frameworks */ = {
			isa = PBXFrameworksBuildPhase;
			buildActionMask = 2147483647;
			files = (
			);
			runOnlyForDeploymentPostprocessing = 0;
		};
/* End PBXFrameworksBuildPhase section */

/* Begin PBXGroup section */
		7DCCADF42E9F30B2003A8156 = {
			isa = PBXGroup;
			children = (
				7D9582602EA84754008AFC8E /* Config-Example.plist */,
				7D95825F2EA84754008AFC8E /* Config-Secrets.plist */,
				7D9582612EA84754008AFC8E /* Config.swift */,
				7DCCADFF2E9F30B2003A8156 /* TheDailyDev */,
				7DCCAE102E9F30B4003A8156 /* TheDailyDevTests */,
				7DCCAE1A2E9F30B4003A8156 /* TheDailyDevUITests */,
				7DCCADFE2E9F30B2003A8156 /* Products */,
			);
			sourceTree = "<group>";
		};
		7DCCADFE2E9F30B2003A8156 /* Products */ = {
			isa = PBXGroup;
			children = (
				7DCCADFD2E9F30B2003A8156 /* TheDailyDev.app */,
				7DCCAE0D2E9F30B4003A8156 /* TheDailyDevTests.xctest */,
				7DCCAE172E9F30B4003A8156 /* TheDailyDevUITests.xctest */,
			);
			name = Products;
			sourceTree = "<group>";
		};
		7DCCADFF2E9F30B2003A8156 /* TheDailyDev */ = {
			isa = PBXGroup;
			children = (
				7D9A3F0D2F2313CA00A9D697 /* TheDailyDev.entitlements */,
				7D9582742EAE88BE008AFC8E /* Info.plist */,
				DED1D212C9B31179FBAC8E88 /* PrivacyInfo.xcprivacy */,
				7DCCAE002E9F30B2003A8156 /* TheDailyDevApp.swift */,
				7DCCAE022E9F30B2003A8156 /* ContentView.swift */,
				B2A1C3D72F3A0001008AFC8E /* InitialAssessmentFlowView.swift */,
				7D9582682EA86A33008AFC8E /* AdaptiveText.swift */,
				AA11BB212EC0000000AFC8E /* Theme.swift */,
				7D95821C2EA32EAF008AFC8E /* SignUpView.swift */,
				O1N2B3O32ED99945008AFC8E /* OnboardingView.swift */,
				7D9582582EA45859008AFC8E /* MultipleChoiceQuestionView.swift */,
				A1B2C3D32EB11111008AFC8E /* OrderingQuestionView.swift */,
				9D1165582EB00000008AFC8E /* MatchingQuestionView.swift */,
				0371B8972EB00001008AFC8E /* DraggableItemCard.swift */,
				2D768DB32EB00002008AFC8E /* DropZoneView.swift */,
				7D9582592EA45859008AFC8E /* Question.swift */,
				7D95826D2EAE8037008AFC8E /* SubscriptionBenefitsView.swift */,
				7D95826E2EAE8037008AFC8E /* SubscriptionModels.swift */,
				7D95826F2EAE8037008AFC8E /* SubscriptionService.swift */,
				7D9582772EAE8037008AFC8E /* RevenueCatSubscriptionProvider.swift */,
				7D9582792EAE8037008AFC8E /* RevenueCatPaywallView.swift */,
				7D95826C2EAE8037008AFC8E /* SubscriptionSettingsView.swift */,
				I1J2J3J32ED77745008AFC8E /* SubscriptionDetailsView.swift */,
				62C471132EAE8888008AFC8E /* FeedbackService.swift */,
				F3E5F6F42EAE9999008AFC8E /* FeedbackView.swift */,
				7D95825A2EA45859008AFC8E /* QuestionService.swift */,
				7D95826A2EA86A33008AFC8E /* QuestionImageView.swift */,
				7DCCAE2C2EA08AD5003A8156 /* LoginView.swift */,
				7DCCAE2E2EA08AF1003A8156 /* HomeView.swift */,
				7D95826A2EAB0574008AFC8E /* ImageHelper.swift */,
				7D95826C2EAB0574008AFC8E /* ContributionsTracker.swift */,
				7D95826F2EAB0574008AFC8E /* ConfigTest.swift */,
				D1E2B3U52ED99999008AFC8E /* DebugLogger.swift */,
				A1N2A3L52ED99999108AFC8E /* AnalyticsService.swift */,
				T1O2U3R52ED99999208AFC8E /* TourStep.swift */,
				O1N2B3O62ED99999308AFC8E /* OnboardingTourManager.swift */,
				T1O2U3R72ED99999408AFC8E /* TourOverlayView.swift */,
				V1I2E3W52ED99999508AFC8E /* ViewFramePreferenceKey.swift */,
				T1O2U3R92ED99999608AFC8E /* TourHighlightModifier.swift */,
				7D9582712EAB0574008AFC8E /* CategoryPerformanceView.swift */,
				B2A1C3D92F3A0001008AFC8E /* SelfAssessmentChartView.swift */,
				7DCCAE302EA08B08003A8156 /* ProfileView.swift */,
				B2A1C3D82F3A0001008AFC8E /* SelfAssessmentService.swift */,
				7DCCAE352EA1D08A003A8156 /* SupabaseManager.swift */,
				B1B2B3B32ED22345008AFC8E /* AuthManager.swift */,
				E1F2E3E32ED33345008AFC8E /* EmailVerificationView.swift */,
				F1G2G3G32ED44445008AFC8E /* ForgotPasswordView.swift */,
				G1H2H3H32ED55545008AFC8E /* ResetPasswordView.swift */,
				P1Q2R3S32ED88845008AFC8E /* PasswordResetManager.swift */,
				E1M2A3I32ED99945008AFC8E /* EmailVerificationManager.swift */,
				H1I2I3I32ED66645008AFC8E /* FirstQuestionCompleteView.swift */,
				7DCCAE042E9F30B4003A8156 /* Assets.xcassets */,
				7DCCAE062E9F30B4003A8156 /* Preview Content */,
			);
			path = TheDailyDev;
			sourceTree = "<group>";
		};
		7DCCAE062E9F30B4003A8156 /* Preview Content */ = {
			isa = PBXGroup;
			children = (
				7DCCAE072E9F30B4003A8156 /* Preview Assets.xcassets */,
			);
			path = "Preview Content";
			sourceTree = "<group>";
		};
		7DCCAE102E9F30B4003A8156 /* TheDailyDevTests */ = {
			isa = PBXGroup;
			children = (
				7DCCAE112E9F30B4003A8156 /* TheDailyDevTests.swift */,
				7D9582662EA85671008AFC8E /* AuthenticationTests.swift */,
			);
			path = TheDailyDevTests;
			sourceTree = "<group>";
		};
		7DCCAE1A2E9F30B4003A8156 /* TheDailyDevUITests */ = {
			isa = PBXGroup;
			children = (
				7DCCAE1B2E9F30B4003A8156 /* TheDailyDevUITests.swift */,
				7DCCAE1D2E9F30B4003A8156 /* TheDailyDevUITestsLaunchTests.swift */,
				F1A2B3C32ED12345008AFC8E /* ContributionsTrackerUITests.swift */,
				F1A2B3C42ED12345008AFC8E /* SignInOutFlowTests.swift */,
			);
			path = TheDailyDevUITests;
			sourceTree = "<group>";
		};
/* End PBXGroup section */

/* Begin PBXNativeTarget section */
		7DCCADFC2E9F30B2003A8156 /* TheDailyDev */ = {
			isa = PBXNativeTarget;
			buildConfigurationList = 7DCCAE212E9F30B4003A8156 /* Build configuration list for PBXNativeTarget "TheDailyDev" */;
			buildPhases = (
				7DCCADF92E9F30B2003A8156 /* Sources */,
				7DCCADFA2E9F30B2003A8156 /* Frameworks */,
				7DCCADFB2E9F30B2003A8156 /* Resources */,
			);
			buildRules = (
			);
			dependencies = (
			);
			name = TheDailyDev;
			packageProductDependencies = (
				7DCCAE332EA1D043003A8156 /* Supabase */,
				7D9A3F0C2EEDD28100A9D697 /* RevenueCat */,
				P1O2S3T52ED99999008AFC8E /* PostHog */,
			);
			productName = TheDailyDev;
			productReference = 7DCCADFD2E9F30B2003A8156 /* TheDailyDev.app */;
			productType = "com.apple.product-type.application";
		};
		7DCCAE0C2E9F30B4003A8156 /* TheDailyDevTests */ = {
			isa = PBXNativeTarget;
			buildConfigurationList = 7DCCAE242E9F30B4003A8156 /* Build configuration list for PBXNativeTarget "TheDailyDevTests" */;
			buildPhases = (
				7DCCAE092E9F30B4003A8156 /* Sources */,
				7DCCAE0A2E9F30B4003A8156 /* Frameworks */,
				7DCCAE0B2E9F30B4003A8156 /* Resources */,
			);
			buildRules = (
			);
			dependencies = (
				7DCCAE0F2E9F30B4003A8156 /* PBXTargetDependency */,
			);
			name = TheDailyDevTests;
			productName = TheDailyDevTests;
			productReference = 7DCCAE0D2E9F30B4003A8156 /* TheDailyDevTests.xctest */;
			productType = "com.apple.product-type.bundle.unit-test";
		};
		7DCCAE162E9F30B4003A8156 /* TheDailyDevUITests */ = {
			isa = PBXNativeTarget;
			buildConfigurationList = 7DCCAE272E9F30B4003A8156 /* Build configuration list for PBXNativeTarget "TheDailyDevUITests" */;
			buildPhases = (
				7DCCAE132E9F30B4003A8156 /* Sources */,
				7DCCAE142E9F30B4003A8156 /* Frameworks */,
				7DCCAE152E9F30B4003A8156 /* Resources */,
			);
			buildRules = (
			);
			dependencies = (
				7DCCAE192E9F30B4003A8156 /* PBXTargetDependency */,
			);
			name = TheDailyDevUITests;
			productName = TheDailyDevUITests;
			productReference = 7DCCAE172E9F30B4003A8156 /* TheDailyDevUITests.xctest */;
			productType = "com.apple.product-type.bundle.ui-testing";
		};
/* End PBXNativeTarget section */

/* Begin PBXProject section */
		7DCCADF52E9F30B2003A8156 /* Project object */ = {
			isa = PBXProject;
			attributes = {
				BuildIndependentTargetsInParallel = 1;
				LastSwiftUpdateCheck = 1540;
				LastUpgradeCheck = 1540;
				TargetAttributes = {
					7DCCADFC2E9F30B2003A8156 = {
						CreatedOnToolsVersion = 15.4;
					};
					7DCCAE0C2E9F30B4003A8156 = {
						CreatedOnToolsVersion = 15.4;
						TestTargetID = 7DCCADFC2E9F30B2003A8156;
					};
					7DCCAE162E9F30B4003A8156 = {
						CreatedOnToolsVersion = 15.4;
						TestTargetID = 7DCCADFC2E9F30B2003A8156;
					};
				};
			};
			buildConfigurationList = 7DCCADF82E9F30B2003A8156 /* Build configuration list for PBXProject "TheDailyDev" */;
			compatibilityVersion = "Xcode 14.0";
			developmentRegion = en;
			hasScannedForEncodings = 0;
			knownRegions = (
				en,
				Base,
			);
			mainGroup = 7DCCADF42E9F30B2003A8156;
			packageReferences = (
				7DCCAE322EA1D042003A8156 /* XCRemoteSwiftPackageReference "supabase-swift" */,
				7D9A3F0A2EEDD28100A9D697 /* XCRemoteSwiftPackageReference "purchases-ios-spm" */,
				P1O2S3T42ED99999008AFC8E /* XCRemoteSwiftPackageReference "posthog-ios" */,
			);
			productRefGroup = 7DCCADFE2E9F30B2003A8156 /* Products */;
			projectDirPath = "";
			projectRoot = "";
			targets = (
				7DCCADFC2E9F30B2003A8156 /* TheDailyDev */,
				7DCCAE0C2E9F30B4003A8156 /* TheDailyDevTests */,
				7DCCAE162E9F30B4003A8156 /* TheDailyDevUITests */,
			);
		};
/* End PBXProject section */

/* Begin PBXResourcesBuildPhase section */
		7DCCADFB2E9F30B2003A8156 /* Resources */ = {
			isa = PBXResourcesBuildPhase;
			buildActionMask = 2147483647;
			files = (
				7DCCAE082E9F30B4003A8156 /* Preview Assets.xcassets in Resources */,
				7DCCAE052E9F30B4003A8156 /* Assets.xcassets in Resources */,
				7D9582632EA84754008AFC8E /* Config-Secrets.plist in Resources */,
				7D9582642EA84754008AFC8E /* Config-Example.plist in Resources */,
				DED1D212C9B31179FBAC8E87 /* PrivacyInfo.xcprivacy in Resources */,
			);
			runOnlyForDeploymentPostprocessing = 0;
		};
		7DCCAE0B2E9F30B4003A8156 /* Resources */ = {
			isa = PBXResourcesBuildPhase;
			buildActionMask = 2147483647;
			files = (
			);
			runOnlyForDeploymentPostprocessing = 0;
		};
		7DCCAE152E9F30B4003A8156 /* Resources */ = {
			isa = PBXResourcesBuildPhase;
			buildActionMask = 2147483647;
			files = (
			);
			runOnlyForDeploymentPostprocessing = 0;
		};
/* End PBXResourcesBuildPhase section */

/* Begin PBXSourcesBuildPhase section */
		7DCCADF92E9F30B2003A8156 /* Sources */ = {
			isa = PBXSourcesBuildPhase;
			buildActionMask = 2147483647;
			files = (
				AA11BB222EC0000000AFC8E /* Theme.swift in Sources */,
				7DCCAE2D2EA08AD5003A8156 /* LoginView.swift in Sources */,
				7DCCAE2F2EA08AF1003A8156 /* HomeView.swift in Sources */,
				7D9582702EAE8037008AFC8E /* SubscriptionSettingsView.swift in Sources */,
				I1J2J3J42ED77745008AFC8E /* SubscriptionDetailsView.swift in Sources */,
				7D95825B2EA45859008AFC8E /* MultipleChoiceQuestionView.swift in Sources */,
				A1B2C3D42EB11111008AFC8E /* OrderingQuestionView.swift in Sources */,
				9D1165592EB00000008AFC8E /* MatchingQuestionView.swift in Sources */,
				0371B8982EB00001008AFC8E /* DraggableItemCard.swift in Sources */,
				2D768DB42EB00002008AFC8E /* DropZoneView.swift in Sources */,
				7D95825C2EA45859008AFC8E /* Question.swift in Sources */,
				B1B2B3B42ED22345008AFC8E /* AuthManager.swift in Sources */,
				7D9582652EA84754008AFC8E /* Config.swift in Sources */,
				7DCCAE312EA08B08003A8156 /* ProfileView.swift in Sources */,
				7D95821D2EA32EAF008AFC8E /* SignUpView.swift in Sources */,
				O1N2B3O42ED99945008AFC8E /* OnboardingView.swift in Sources */,
				7DCCAE362EA1D08A003A8156 /* SupabaseManager.swift in Sources */,
				E1F2E3E42ED33345008AFC8E /* EmailVerificationView.swift in Sources */,
				F1G2G3G42ED44445008AFC8E /* ForgotPasswordView.swift in Sources */,
				G1H2H3H42ED55545008AFC8E /* ResetPasswordView.swift in Sources */,
				P1Q2R3S42ED88845008AFC8E /* PasswordResetManager.swift in Sources */,
				E1M2A3I42ED99945008AFC8E /* EmailVerificationManager.swift in Sources */,
				H1I2I3I42ED66645008AFC8E /* FirstQuestionCompleteView.swift in Sources */,
				7D9582692EA86A33008AFC8E /* AdaptiveText.swift in Sources */,
				7D95825D2EA45859008AFC8E /* QuestionService.swift in Sources */,
				7D95826B2EA86A33008AFC8E /* QuestionImageView.swift in Sources */,
				7DCCAE032E9F30B2003A8156 /* ContentView.swift in Sources */,
				B2A1C3D42F3A0001008AFC8E /* InitialAssessmentFlowView.swift in Sources */,
				7D9582712EAE8037008AFC8E /* SubscriptionBenefitsView.swift in Sources */,
				7DCCAE012E9F30B2003A8156 /* TheDailyDevApp.swift in Sources */,
				7D95826B2EAB0574008AFC8E /* ImageHelper.swift in Sources */,
				7D9582722EAE8037008AFC8E /* SubscriptionModels.swift in Sources */,
				7D95826D2EAB0574008AFC8E /* ContributionsTracker.swift in Sources */,
				7D95826E2EAB0574008AFC8E /* ConfigTest.swift in Sources */,
				D1E2B3U42ED99999008AFC8E /* DebugLogger.swift in Sources */,
				A1N2A3L42ED99999108AFC8E /* AnalyticsService.swift in Sources */,
				T1O2U3R42ED99999208AFC8E /* TourStep.swift in Sources */,
				O1N2B3O52ED99999308AFC8E /* OnboardingTourManager.swift in Sources */,
				T1O2U3R62ED99999408AFC8E /* TourOverlayView.swift in Sources */,
				V1I2E3W42ED99999508AFC8E /* ViewFramePreferenceKey.swift in Sources */,
				T1O2U3R82ED99999608AFC8E /* TourHighlightModifier.swift in Sources */,
				7D9582702EAB0574008AFC8E /* CategoryPerformanceView.swift in Sources */,
				B2A1C3D62F3A0001008AFC8E /* SelfAssessmentChartView.swift in Sources */,
				7D9582732EAE8037008AFC8E /* SubscriptionService.swift in Sources */,
				B2A1C3D52F3A0001008AFC8E /* SelfAssessmentService.swift in Sources */,
				7D9582762EAE8037008AFC8E /* RevenueCatSubscriptionProvider.swift in Sources */,
				7D9582782EAE8037008AFC8E /* RevenueCatPaywallView.swift in Sources */,
				62C471142EAE8888008AFC8E /* FeedbackService.swift in Sources */,
				F3E5F6F52EAE9999008AFC8E /* FeedbackView.swift in Sources */,
			);
			runOnlyForDeploymentPostprocessing = 0;
		};
		7DCCAE092E9F30B4003A8156 /* Sources */ = {
			isa = PBXSourcesBuildPhase;
			buildActionMask = 2147483647;
			files = (
				7DCCAE122E9F30B4003A8156 /* TheDailyDevTests.swift in Sources */,
				7D9582672EA85671008AFC8E /* AuthenticationTests.swift in Sources */,
			);
			runOnlyForDeploymentPostprocessing = 0;
		};
		7DCCAE132E9F30B4003A8156 /* Sources */ = {
			isa = PBXSourcesBuildPhase;
			buildActionMask = 2147483647;
			files = (
				7DCCAE1E2E9F30B4003A8156 /* TheDailyDevUITestsLaunchTests.swift in Sources */,
				7DCCAE1C2E9F30B4003A8156 /* TheDailyDevUITests.swift in Sources */,
				F1A2B3C62ED12345008AFC8E /* ContributionsTrackerUITests.swift in Sources */,
				F1A2B3C72ED12345008AFC8E /* SignInOutFlowTests.swift in Sources */,
			);
			runOnlyForDeploymentPostprocessing = 0;
		};
/* End PBXSourcesBuildPhase section */

/* Begin PBXTargetDependency section */
		7DCCAE0F2E9F30B4003A8156 /* PBXTargetDependency */ = {
			isa = PBXTargetDependency;
			target = 7DCCADFC2E9F30B2003A8156 /* TheDailyDev */;
			targetProxy = 7DCCAE0E2E9F30B4003A8156 /* PBXContainerItemProxy */;
		};
		7DCCAE192E9F30B4003A8156 /* PBXTargetDependency */ = {
			isa = PBXTargetDependency;
			target = 7DCCADFC2E9F30B2003A8156 /* TheDailyDev */;
			targetProxy = 7DCCAE182E9F30B4003A8156 /* PBXContainerItemProxy */;
		};
/* End PBXTargetDependency section */

/* Begin XCBuildConfiguration section */
		7DCCAE1F2E9F30B4003A8156 /* Debug */ = {
			isa = XCBuildConfiguration;
			buildSettings = {
				ALWAYS_SEARCH_USER_PATHS = NO;
				ASSETCATALOG_COMPILER_GENERATE_SWIFT_ASSET_SYMBOL_EXTENSIONS = YES;
				CLANG_ANALYZER_NONNULL = YES;
				CLANG_ANALYZER_NUMBER_OBJECT_CONVERSION = YES_AGGRESSIVE;
				CLANG_CXX_LANGUAGE_STANDARD = "gnu++20";
				CLANG_ENABLE_MODULES = YES;
				CLANG_ENABLE_OBJC_ARC = YES;
				CLANG_ENABLE_OBJC_WEAK = YES;
				CLANG_WARN_BLOCK_CAPTURE_AUTORELEASING = YES;
				CLANG_WARN_BOOL_CONVERSION = YES;
				CLANG_WARN_COMMA = YES;
				CLANG_WARN_CONSTANT_CONVERSION = YES;
				CLANG_WARN_DEPRECATED_OBJC_IMPLEMENTATIONS = YES;
				CLANG_WARN_DIRECT_OBJC_ISA_USAGE = YES_ERROR;
				CLANG_WARN_DOCUMENTATION_COMMENTS = YES;
				CLANG_WARN_EMPTY_BODY = YES;
				CLANG_WARN_ENUM_CONVERSION = YES;
				CLANG_WARN_INFINITE_RECURSION = YES;
				CLANG_WARN_INT_CONVERSION = YES;
				CLANG_WARN_NON_LITERAL_NULL_CONVERSION = YES;
				CLANG_WARN_OBJC_IMPLICIT_RETAIN_SELF = YES;
				CLANG_WARN_OBJC_LITERAL_CONVERSION = YES;
				CLANG_WARN_OBJC_ROOT_CLASS = YES_ERROR;
				CLANG_WARN_QUOTED_INCLUDE_IN_FRAMEWORK_HEADER = YES;
				CLANG_WARN_RANGE_LOOP_ANALYSIS = YES;
				CLANG_WARN_STRICT_PROTOTYPES = YES;
				CLANG_WARN_SUSPICIOUS_MOVE = YES;
				CLANG_WARN_UNGUARDED_AVAILABILITY = YES_AGGRESSIVE;
				CLANG_WARN_UNREACHABLE_CODE = YES;
				CLANG_WARN__DUPLICATE_METHOD_MATCH = YES;
				COPY_PHASE_STRIP = NO;
				DEBUG_INFORMATION_FORMAT = dwarf;
				ENABLE_STRICT_OBJC_MSGSEND = YES;
				ENABLE_TESTABILITY = YES;
				ENABLE_USER_SCRIPT_SANDBOXING = YES;
				GCC_C_LANGUAGE_STANDARD = gnu17;
				GCC_DYNAMIC_NO_PIC = NO;
				GCC_NO_COMMON_BLOCKS = YES;
				GCC_OPTIMIZATION_LEVEL = 0;
				GCC_PREPROCESSOR_DEFINITIONS = (
					"DEBUG=1",
					"$(inherited)",
				);
				GCC_WARN_64_TO_32_BIT_CONVERSION = YES;
				GCC_WARN_ABOUT_RETURN_TYPE = YES_ERROR;
				GCC_WARN_UNDECLARED_SELECTOR = YES;
				GCC_WARN_UNINITIALIZED_AUTOS = YES_AGGRESSIVE;
				GCC_WARN_UNUSED_FUNCTION = YES;
				GCC_WARN_UNUSED_VARIABLE = YES;
				IPHONEOS_DEPLOYMENT_TARGET = 17.5;
				LOCALIZATION_PREFERS_STRING_CATALOGS = YES;
				MTL_ENABLE_DEBUG_INFO = INCLUDE_SOURCE;
				MTL_FAST_MATH = YES;
				ONLY_ACTIVE_ARCH = YES;
				SDKROOT = iphoneos;
				SWIFT_ACTIVE_COMPILATION_CONDITIONS = "DEBUG $(inherited)";
				SWIFT_OPTIMIZATION_LEVEL = "-Onone";
			};
			name = Debug;
		};
		7DCCAE202E9F30B4003A8156 /* Release */ = {
			isa = XCBuildConfiguration;
			buildSettings = {
				ALWAYS_SEARCH_USER_PATHS = NO;
				ASSETCATALOG_COMPILER_GENERATE_SWIFT_ASSET_SYMBOL_EXTENSIONS = YES;
				CLANG_ANALYZER_NONNULL = YES;
				CLANG_ANALYZER_NUMBER_OBJECT_CONVERSION = YES_AGGRESSIVE;
				CLANG_CXX_LANGUAGE_STANDARD = "gnu++20";
				CLANG_ENABLE_MODULES = YES;
				CLANG_ENABLE_OBJC_ARC = YES;
				CLANG_ENABLE_OBJC_WEAK = YES;
				CLANG_WARN_BLOCK_CAPTURE_AUTORELEASING = YES;
				CLANG_WARN_BOOL_CONVERSION = YES;
				CLANG_WARN_COMMA = YES;
				CLANG_WARN_CONSTANT_CONVERSION = YES;
				CLANG_WARN_DEPRECATED_OBJC_IMPLEMENTATIONS = YES;
				CLANG_WARN_DIRECT_OBJC_ISA_USAGE = YES_ERROR;
				CLANG_WARN_DOCUMENTATION_COMMENTS = YES;
				CLANG_WARN_EMPTY_BODY = YES;
				CLANG_WARN_ENUM_CONVERSION = YES;
				CLANG_WARN_INFINITE_RECURSION = YES;
				CLANG_WARN_INT_CONVERSION = YES;
				CLANG_WARN_NON_LITERAL_NULL_CONVERSION = YES;
				CLANG_WARN_OBJC_IMPLICIT_RETAIN_SELF = YES;
				CLANG_WARN_OBJC_LITERAL_CONVERSION = YES;
				CLANG_WARN_OBJC_ROOT_CLASS = YES_ERROR;
				CLANG_WARN_QUOTED_INCLUDE_IN_FRAMEWORK_HEADER = YES;
				CLANG_WARN_RANGE_LOOP_ANALYSIS = YES;
				CLANG_WARN_STRICT_PROTOTYPES = YES;
				CLANG_WARN_SUSPICIOUS_MOVE = YES;
				CLANG_WARN_UNGUARDED_AVAILABILITY = YES_AGGRESSIVE;
				CLANG_WARN_UNREACHABLE_CODE = YES;
				CLANG_WARN__DUPLICATE_METHOD_MATCH = YES;
				COPY_PHASE_STRIP = NO;
				DEBUG_INFORMATION_FORMAT = "dwarf-with-dsym";
				ENABLE_NS_ASSERTIONS = NO;
				ENABLE_STRICT_OBJC_MSGSEND = YES;
				ENABLE_USER_SCRIPT_SANDBOXING = YES;
				GCC_C_LANGUAGE_STANDARD = gnu17;
				GCC_NO_COMMON_BLOCKS = YES;
				GCC_WARN_64_TO_32_BIT_CONVERSION = YES;
				GCC_WARN_ABOUT_RETURN_TYPE = YES_ERROR;
				GCC_WARN_UNDECLARED_SELECTOR = YES;
				GCC_WARN_UNINITIALIZED_AUTOS = YES_AGGRESSIVE;
				GCC_WARN_UNUSED_FUNCTION = YES;
				GCC_WARN_UNUSED_VARIABLE = YES;
				IPHONEOS_DEPLOYMENT_TARGET = 17.5;
				LOCALIZATION_PREFERS_STRING_CATALOGS = YES;
				MTL_ENABLE_DEBUG_INFO = NO;
				MTL_FAST_MATH = YES;
				SDKROOT = iphoneos;
				SWIFT_COMPILATION_MODE = wholemodule;
				VALIDATE_PRODUCT = YES;
			};
			name = Release;
		};
		7DCCAE222E9F30B4003A8156 /* Debug */ = {
			isa = XCBuildConfiguration;
			buildSettings = {
				ASSETCATALOG_COMPILER_APPICON_NAME = AppIcon;
				ASSETCATALOG_COMPILER_GLOBAL_ACCENT_COLOR_NAME = AccentColor;
				CODE_SIGN_ENTITLEMENTS = TheDailyDev/TheDailyDev.entitlements;
				CODE_SIGN_IDENTITY = "Apple Development";
				CODE_SIGN_STYLE = Automatic;
				CURRENT_PROJECT_VERSION = 1;
				DEVELOPMENT_ASSET_PATHS = "\"TheDailyDev/Preview Content\"";
				DEVELOPMENT_TEAM = V3BJT3Z296;
				ENABLE_PREVIEWS = YES;
				GENERATE_INFOPLIST_FILE = YES;
				INFOPLIST_FILE = TheDailyDev/Info.plist;
				INFOPLIST_KEY_CFBundleDisplayName = "The Daily Dev";
				INFOPLIST_KEY_LSApplicationCategoryType = "public.app-category.education";
				INFOPLIST_KEY_UIApplicationSceneManifest_Generation = YES;
				INFOPLIST_KEY_UIApplicationSupportsIndirectInputEvents = YES;
				INFOPLIST_KEY_UILaunchScreen_Generation = YES;
				INFOPLIST_KEY_UISupportedInterfaceOrientations_iPad = "UIInterfaceOrientationPortrait UIInterfaceOrientationPortraitUpsideDown UIInterfaceOrientationLandscapeLeft UIInterfaceOrientationLandscapeRight";
				INFOPLIST_KEY_UISupportedInterfaceOrientations_iPhone = "UIInterfaceOrientationPortrait UIInterfaceOrientationLandscapeLeft UIInterfaceOrientationLandscapeRight";
				LD_RUNPATH_SEARCH_PATHS = (
					"$(inherited)",
					"@executable_path/Frameworks",
				);
				MARKETING_VERSION = 1.0;
				PRODUCT_BUNDLE_IDENTIFIER = com.mccandless.thedailydev;
				PRODUCT_NAME = "$(TARGET_NAME)";
				PROVISIONING_PROFILE_SPECIFIER = "";
				SWIFT_EMIT_LOC_STRINGS = YES;
				SWIFT_VERSION = 5.0;
				TARGETED_DEVICE_FAMILY = "1,2";
			};
			name = Debug;
		};
		7DCCAE232E9F30B4003A8156 /* Release */ = {
			isa = XCBuildConfiguration;
			buildSettings = {
				ASSETCATALOG_COMPILER_APPICON_NAME = AppIcon;
				ASSETCATALOG_COMPILER_GLOBAL_ACCENT_COLOR_NAME = AccentColor;
				CODE_SIGN_ENTITLEMENTS = TheDailyDev/TheDailyDev.entitlements;
				CODE_SIGN_IDENTITY = "Apple Development";
				CODE_SIGN_STYLE = Automatic;
				CURRENT_PROJECT_VERSION = 1;
				DEVELOPMENT_ASSET_PATHS = "\"TheDailyDev/Preview Content\"";
				DEVELOPMENT_TEAM = V3BJT3Z296;
				ENABLE_PREVIEWS = YES;
				GENERATE_INFOPLIST_FILE = YES;
				INFOPLIST_FILE = TheDailyDev/Info.plist;
				INFOPLIST_KEY_CFBundleDisplayName = "The Daily Dev";
				INFOPLIST_KEY_LSApplicationCategoryType = "public.app-category.education";
				INFOPLIST_KEY_UIApplicationSceneManifest_Generation = YES;
				INFOPLIST_KEY_UIApplicationSupportsIndirectInputEvents = YES;
				INFOPLIST_KEY_UILaunchScreen_Generation = YES;
				INFOPLIST_KEY_UISupportedInterfaceOrientations_iPad = "UIInterfaceOrientationPortrait UIInterfaceOrientationPortraitUpsideDown UIInterfaceOrientationLandscapeLeft UIInterfaceOrientationLandscapeRight";
				INFOPLIST_KEY_UISupportedInterfaceOrientations_iPhone = "UIInterfaceOrientationPortrait UIInterfaceOrientationLandscapeLeft UIInterfaceOrientationLandscapeRight";
				LD_RUNPATH_SEARCH_PATHS = (
					"$(inherited)",
					"@executable_path/Frameworks",
				);
				MARKETING_VERSION = 1.0;
				PRODUCT_BUNDLE_IDENTIFIER = com.mccandless.thedailydev;
				PRODUCT_NAME = "$(TARGET_NAME)";
				PROVISIONING_PROFILE_SPECIFIER = "";
				SWIFT_EMIT_LOC_STRINGS = YES;
				SWIFT_VERSION = 5.0;
				TARGETED_DEVICE_FAMILY = "1,2";
			};
			name = Release;
		};
		7DCCAE252E9F30B4003A8156 /* Debug */ = {
			isa = XCBuildConfiguration;
			buildSettings = {
				ALWAYS_EMBED_SWIFT_STANDARD_LIBRARIES = YES;
				BUNDLE_LOADER = "$(TEST_HOST)";
				CODE_SIGN_STYLE = Automatic;
				CURRENT_PROJECT_VERSION = 1;
				GENERATE_INFOPLIST_FILE = YES;
				IPHONEOS_DEPLOYMENT_TARGET = 17.5;
				MARKETING_VERSION = 1.0;
				PRODUCT_BUNDLE_IDENTIFIER = dailydev.TheDailyDevTests;
				PRODUCT_NAME = "$(TARGET_NAME)";
				SWIFT_EMIT_LOC_STRINGS = NO;
				SWIFT_VERSION = 5.0;
				TARGETED_DEVICE_FAMILY = "1,2";
				TEST_HOST = "$(BUILT_PRODUCTS_DIR)/TheDailyDev.app/$(BUNDLE_EXECUTABLE_FOLDER_PATH)/TheDailyDev";
			};
			name = Debug;
		};
		7DCCAE262E9F30B4003A8156 /* Release */ = {
			isa = XCBuildConfiguration;
			buildSettings = {
				ALWAYS_EMBED_SWIFT_STANDARD_LIBRARIES = YES;
				BUNDLE_LOADER = "$(TEST_HOST)";
				CODE_SIGN_STYLE = Automatic;
				CURRENT_PROJECT_VERSION = 1;
				GENERATE_INFOPLIST_FILE = YES;
				IPHONEOS_DEPLOYMENT_TARGET = 17.5;
				MARKETING_VERSION = 1.0;
				PRODUCT_BUNDLE_IDENTIFIER = dailydev.TheDailyDevTests;
				PRODUCT_NAME = "$(TARGET_NAME)";
				SWIFT_EMIT_LOC_STRINGS = NO;
				SWIFT_VERSION = 5.0;
				TARGETED_DEVICE_FAMILY = "1,2";
				TEST_HOST = "$(BUILT_PRODUCTS_DIR)/TheDailyDev.app/$(BUNDLE_EXECUTABLE_FOLDER_PATH)/TheDailyDev";
			};
			name = Release;
		};
		7DCCAE282E9F30B4003A8156 /* Debug */ = {
			isa = XCBuildConfiguration;
			buildSettings = {
				ALWAYS_EMBED_SWIFT_STANDARD_LIBRARIES = YES;
				CODE_SIGN_STYLE = Automatic;
				CURRENT_PROJECT_VERSION = 1;
				GENERATE_INFOPLIST_FILE = YES;
				MARKETING_VERSION = 1.0;
				PRODUCT_BUNDLE_IDENTIFIER = dailydev.TheDailyDevUITests;
				PRODUCT_NAME = "$(TARGET_NAME)";
				SWIFT_EMIT_LOC_STRINGS = NO;
				SWIFT_VERSION = 5.0;
				TARGETED_DEVICE_FAMILY = "1,2";
				TEST_TARGET_NAME = TheDailyDev;
			};
			name = Debug;
		};
		7DCCAE292E9F30B4003A8156 /* Release */ = {
			isa = XCBuildConfiguration;
			buildSettings = {
				ALWAYS_EMBED_SWIFT_STANDARD_LIBRARIES = YES;
				CODE_SIGN_STYLE = Automatic;
				CURRENT_PROJECT_VERSION = 1;
				GENERATE_INFOPLIST_FILE = YES;
				MARKETING_VERSION = 1.0;
				PRODUCT_BUNDLE_IDENTIFIER = dailydev.TheDailyDevUITests;
				PRODUCT_NAME = "$(TARGET_NAME)";
				SWIFT_EMIT_LOC_STRINGS = NO;
				SWIFT_VERSION = 5.0;
				TARGETED_DEVICE_FAMILY = "1,2";
				TEST_TARGET_NAME = TheDailyDev;
			};
			name = Release;
		};
/* End XCBuildConfiguration section */

/* Begin XCConfigurationList section */
		7DCCADF82E9F30B2003A8156 /* Build configuration list for PBXProject "TheDailyDev" */ = {
			isa = XCConfigurationList;
			buildConfigurations = (
				7DCCAE1F2E9F30B4003A8156 /* Debug */,
				7DCCAE202E9F30B4003A8156 /* Release */,
			);
			defaultConfigurationIsVisible = 0;
			defaultConfigurationName = Release;
		};
		7DCCAE212E9F30B4003A8156 /* Build configuration list for PBXNativeTarget "TheDailyDev" */ = {
			isa = XCConfigurationList;
			buildConfigurations = (
				7DCCAE222E9F30B4003A8156 /* Debug */,
				7DCCAE232E9F30B4003A8156 /* Release */,
			);
			defaultConfigurationIsVisible = 0;
			defaultConfigurationName = Release;
		};
		7DCCAE242E9F30B4003A8156 /* Build configuration list for PBXNativeTarget "TheDailyDevTests" */ = {
			isa = XCConfigurationList;
			buildConfigurations = (
				7DCCAE252E9F30B4003A8156 /* Debug */,
				7DCCAE262E9F30B4003A8156 /* Release */,
			);
			defaultConfigurationIsVisible = 0;
			defaultConfigurationName = Release;
		};
		7DCCAE272E9F30B4003A8156 /* Build configuration list for PBXNativeTarget "TheDailyDevUITests" */ = {
			isa = XCConfigurationList;
			buildConfigurations = (
				7DCCAE282E9F30B4003A8156 /* Debug */,
				7DCCAE292E9F30B4003A8156 /* Release */,
			);
			defaultConfigurationIsVisible = 0;
			defaultConfigurationName = Release;
		};
/* End XCConfigurationList section */

/* Begin XCRemoteSwiftPackageReference section */
		7D9A3F0A2EEDD28100A9D697 /* XCRemoteSwiftPackageReference "purchases-ios-spm" */ = {
			isa = XCRemoteSwiftPackageReference;
			repositoryURL = "https://github.com/RevenueCat/purchases-ios-spm.git";
			requirement = {
				kind = upToNextMajorVersion;
				minimumVersion = 5.50.1;
			};
		};
		7DCCAE322EA1D042003A8156 /* XCRemoteSwiftPackageReference "supabase-swift" */ = {
			isa = XCRemoteSwiftPackageReference;
			repositoryURL = "https://github.com/supabase-community/supabase-swift";
			requirement = {
				kind = upToNextMajorVersion;
				minimumVersion = 2.5.1;
			};
		};
		P1O2S3T42ED99999008AFC8E /* XCRemoteSwiftPackageReference "posthog-ios" */ = {
			isa = XCRemoteSwiftPackageReference;
			repositoryURL = "https://github.com/PostHog/posthog-ios";
			requirement = {
				kind = upToNextMajorVersion;
				minimumVersion = 3.0.0;
			};
		};
/* End XCRemoteSwiftPackageReference section */

/* Begin XCSwiftPackageProductDependency section */
		7D9A3F0C2EEDD28100A9D697 /* RevenueCat */ = {
			isa = XCSwiftPackageProductDependency;
			package = 7D9A3F0A2EEDD28100A9D697 /* XCRemoteSwiftPackageReference "purchases-ios-spm" */;
			productName = RevenueCat;
		};
		7DCCAE332EA1D043003A8156 /* Supabase */ = {
			isa = XCSwiftPackageProductDependency;
			package = 7DCCAE322EA1D042003A8156 /* XCRemoteSwiftPackageReference "supabase-swift" */;
			productName = Supabase;
		};
		P1O2S3T52ED99999008AFC8E /* PostHog */ = {
			isa = XCSwiftPackageProductDependency;
			package = P1O2S3T42ED99999008AFC8E /* XCRemoteSwiftPackageReference "posthog-ios" */;
			productName = PostHog;
		};
/* End XCSwiftPackageProductDependency section */
	};
	rootObject = 7DCCADF52E9F30B2003A8156 /* Project object */;
}
