// !$*UTF8*$!
{
	archiveVersion = 1;
	classes = {
	};
	objectVersion = 56;
	objects = {

/* Begin PBXBuildFile section */
		7DCCAE012E9F30B2003A8156 /* TheDailyDevApp.swift in Sources */ = {isa = PBXBuildFile; fileRef = 7DCCAE002E9F30B2003A8156 /* TheDailyDevApp.swift */; };
		7DCCAE032E9F30B2003A8156 /* ContentView.swift in Sources */ = {isa = PBXBuildFile; fileRef = 7DCCAE022E9F30B2003A8156 /* ContentView.swift */; };
		7DCCAE052E9F30B4003A8156 /* Assets.xcassets in Resources */ = {isa = PBXBuildFile; fileRef = 7DCCAE042E9F30B4003A8156 /* Assets.xcassets */; };
		7DCCAE082E9F30B4003A8156 /* Preview Assets.xcassets in Resources */ = {isa = PBXBuildFile; fileRef = 7DCCAE072E9F30B4003A8156 /* Preview Assets.xcassets */; };
		7DCCAE122E9F30B4003A8156 /* TheDailyDevTests.swift in Sources */ = {isa = PBXBuildFile; fileRef = 7DCCAE112E9F30B4003A8156 /* TheDailyDevTests.swift */; };
		7DCCAE1C2E9F30B4003A8156 /* TheDailyDevUITests.swift in Sources */ = {isa = PBXBuildFile; fileRef = 7DCCAE1B2E9F30B4003A8156 /* TheDailyDevUITests.swift */; };
		7DCCAE1E2E9F30B4003A8156 /* TheDailyDevUITestsLaunchTests.swift in Sources */ = {isa = PBXBuildFile; fileRef = 7DCCAE1D2E9F30B4003A8156 /* TheDailyDevUITestsLaunchTests.swift */; };
/* End PBXBuildFile section */

/* Begin PBXContainerItemProxy section */
		7DCCAE0E2E9F30B4003A8156 /* PBXContainerItemProxy */ = {
			isa = PBXContainerItemProxy;
			containerPortal = 7DCCADF52E9F30B2003A8156 /* Project object */;
			proxyType = 1;
			remoteGlobalIDString = 7DCCADFC2E9F30B2003A8156;
			remoteInfo = TheDailyDev;
		};
		7DCCAE182E9F30B4003A8156 /* PBXContainerItemProxy */ = {
			isa = PBXContainerItemProxy;
			containerPortal = 7DCCADF52E9F30B2003A8156 /* Project object */;
			proxyType = 1;
			remoteGlobalIDString = 7DCCADFC2E9F30B2003A8156;
			remoteInfo = TheDailyDev;
		};
/* End PBXContainerItemProxy section */

/* Begin PBXFileReference section */
		7DCCADFD2E9F30B2003A8156 /* TheDailyDev.app */ = {isa = PBXFileReference; explicitFileType = wrapper.application; includeInIndex = 0; path = TheDailyDev.app; sourceTree = BUILT_PRODUCTS_DIR; };
		7DCCAE002E9F30B2003A8156 /* TheDailyDevApp.swift */ = {isa = PBXFileReference; lastKnownFileType = sourcecode.swift; path = TheDailyDevApp.swift; sourceTree = "<group>"; };
		7DCCAE022E9F30B2003A8156 /* ContentView.swift */ = {isa = PBXFileReference; lastKnownFileType = sourcecode.swift; path = ContentView.swift; sourceTree = "<group>"; };
		7DCCAE042E9F30B4003A8156 /* Assets.xcassets */ = {isa = PBXFileReference; lastKnownFileType = folder.assetcatalog; path = Assets.xcassets; sourceTree = "<group>"; };
		7DCCAE072E9F30B4003A8156 /* Preview Assets.xcassets */ = {isa = PBXFileReference; lastKnownFileType = folder.assetcatalog; path = "Preview Assets.xcassets"; sourceTree = "<group>"; };
		7DCCAE0D2E9F30B4003A8156 /* TheDailyDevTests.xctest */ = {isa = PBXFileReference; explicitFileType = wrapper.cfbundle; includeInIndex = 0; path = TheDailyDevTests.xctest; sourceTree = BUILT_PRODUCTS_DIR; };
		7DCCAE112E9F30B4003A8156 /* TheDailyDevTests.swift */ = {isa = PBXFileReference; lastKnownFileType = sourcecode.swift; path = TheDailyDevTests.swift; sourceTree = "<group>"; };
		7DCCAE172E9F30B4003A8156 /* TheDailyDevUITests.xctest */ = {isa = PBXFileReference; explicitFileType = wrapper.cfbundle; includeInIndex = 0; path = TheDailyDevUITests.xctest; sourceTree = BUILT_PRODUCTS_DIR; };
		7DCCAE1B2E9F30B4003A8156 /* TheDailyDevUITests.swift */ = {isa = PBXFileReference; lastKnownFileType = sourcecode.swift; path = TheDailyDevUITests.swift; sourceTree = "<group>"; };
		7DCCAE1D2E9F30B4003A8156 /* TheDailyDevUITestsLaunchTests.swift */ = {isa = PBXFileReference; lastKnownFileType = sourcecode.swift; path = TheDailyDevUITestsLaunchTests.swift; sourceTree = "<group>"; };
/* End PBXFileReference section */

/* Begin PBXFrameworksBuildPhase section */
		7DCCADFA2E9F30B2003A8156 /* Frameworks */ = {
			isa = PBXFrameworksBuildPhase;
			buildActionMask = 2147483647;
			files = (
			);
			runOnlyForDeploymentPostprocessing = 0;
		};
		7DCCAE0A2E9F30B4003A8156 /* Frameworks */ = {
			isa = PBXFrameworksBuildPhase;
			buildActionMask = 2147483647;
			files = (
			);
			runOnlyForDeploymentPostprocessing = 0;
		};
		7DCCAE142E9F30B4003A8156 /* Frameworks */ = {
			isa = PBXFrameworksBuildPhase;
			buildActionMask = 2147483647;
			files = (
			);
			runOnlyForDeploymentPostprocessing = 0;
		};
/* End PBXFrameworksBuildPhase section */

/* Begin PBXGroup section */
		7DCCADF42E9F30B2003A8156 = {
			isa = PBXGroup;
			children = (
				7DCCADFF2E9F30B2003A8156 /* TheDailyDev */,
				7DCCAE102E9F30B4003A8156 /* TheDailyDevTests */,
				7DCCAE1A2E9F30B4003A8156 /* TheDailyDevUITests */,
				7DCCADFE2E9F30B2003A8156 /* Products */,
			);
			sourceTree = "<group>";
		};
		7DCCADFE2E9F30B2003A8156 /* Products */ = {
			isa = PBXGroup;
			children = (
				7DCCADFD2E9F30B2003A8156 /* TheDailyDev.app */,
				7DCCAE0D2E9F30B4003A8156 /* TheDailyDevTests.xctest */,
				7DCCAE172E9F30B4003A8156 /* TheDailyDevUITests.xctest */,
			);
			name = Products;
			sourceTree = "<group>";
		};
		7DCCADFF2E9F30B2003A8156 /* TheDailyDev */ = {
			isa = PBXGroup;
			children = (
				7DCCAE002E9F30B2003A8156 /* TheDailyDevApp.swift */,
				7DCCAE022E9F30B2003A8156 /* ContentView.swift */,
				7DCCAE042E9F30B4003A8156 /* Assets.xcassets */,
				7DCCAE062E9F30B4003A8156 /* Preview Content */,
			);
			path = TheDailyDev;
			sourceTree = "<group>";
		};
		7DCCAE062E9F30B4003A8156 /* Preview Content */ = {
			isa = PBXGroup;
			children = (
				7DCCAE072E9F30B4003A8156 /* Preview Assets.xcassets */,
			);
			path = "Preview Content";
			sourceTree = "<group>";
		};
		7DCCAE102E9F30B4003A8156 /* TheDailyDevTests */ = {
			isa = PBXGroup;
			children = (
				7DCCAE112E9F30B4003A8156 /* TheDailyDevTests.swift */,
			);
			path = TheDailyDevTests;
			sourceTree = "<group>";
		};
		7DCCAE1A2E9F30B4003A8156 /* TheDailyDevUITests */ = {
			isa = PBXGroup;
			children = (
				7DCCAE1B2E9F30B4003A8156 /* TheDailyDevUITests.swift */,
				7DCCAE1D2E9F30B4003A8156 /* TheDailyDevUITestsLaunchTests.swift */,
			);
			path = TheDailyDevUITests;
			sourceTree = "<group>";
		};
/* End PBXGroup section */

/* Begin PBXNativeTarget section */
		7DCCADFC2E9F30B2003A8156 /* TheDailyDev */ = {
			isa = PBXNativeTarget;
			buildConfigurationList = 7DCCAE212E9F30B4003A8156 /* Build configuration list for PBXNativeTarget "TheDailyDev" */;
			buildPhases = (
				7DCCADF92E9F30B2003A8156 /* Sources */,
				7DCCADFA2E9F30B2003A8156 /* Frameworks */,
				7DCCADFB2E9F30B2003A8156 /* Resources */,
			);
			buildRules = (
			);
			dependencies = (
			);
			name = TheDailyDev;
			productName = TheDailyDev;
			productReference = 7DCCADFD2E9F30B2003A8156 /* TheDailyDev.app */;
			productType = "com.apple.product-type.application";
		};
		7DCCAE0C2E9F30B4003A8156 /* TheDailyDevTests */ = {
			isa = PBXNativeTarget;
			buildConfigurationList = 7DCCAE242E9F30B4003A8156 /* Build configuration list for PBXNativeTarget "TheDailyDevTests" */;
			buildPhases = (
				7DCCAE092E9F30B4003A8156 /* Sources */,
				7DCCAE0A2E9F30B4003A8156 /* Frameworks */,
				7DCCAE0B2E9F30B4003A8156 /* Resources */,
			);
			buildRules = (
			);
			dependencies = (
				7DCCAE0F2E9F30B4003A8156 /* PBXTargetDependency */,
			);
			name = TheDailyDevTests;
			productName = TheDailyDevTests;
			productReference = 7DCCAE0D2E9F30B4003A8156 /* TheDailyDevTests.xctest */;
			productType = "com.apple.product-type.bundle.unit-test";
		};
		7DCCAE162E9F30B4003A8156 /* TheDailyDevUITests */ = {
			isa = PBXNativeTarget;
			buildConfigurationList = 7DCCAE272E9F30B4003A8156 /* Build configuration list for PBXNativeTarget "TheDailyDevUITests" */;
			buildPhases = (
				7DCCAE132E9F30B4003A8156 /* Sources */,
				7DCCAE142E9F30B4003A8156 /* Frameworks */,
				7DCCAE152E9F30B4003A8156 /* Resources */,
			);
			buildRules = (
			);
			dependencies = (
				7DCCAE192E9F30B4003A8156 /* PBXTargetDependency */,
			);
			name = TheDailyDevUITests;
			productName = TheDailyDevUITests;
			productReference = 7DCCAE172E9F30B4003A8156 /* TheDailyDevUITests.xctest */;
			productType = "com.apple.product-type.bundle.ui-testing";
		};
/* End PBXNativeTarget section */

/* Begin PBXProject section */
		7DCCADF52E9F30B2003A8156 /* Project object */ = {
			isa = PBXProject;
			attributes = {
				BuildIndependentTargetsInParallel = 1;
				LastSwiftUpdateCheck = 1540;
				LastUpgradeCheck = 1540;
				TargetAttributes = {
					7DCCADFC2E9F30B2003A8156 = {
						CreatedOnToolsVersion = 15.4;
					};
					7DCCAE0C2E9F30B4003A8156 = {
						CreatedOnToolsVersion = 15.4;
						TestTargetID = 7DCCADFC2E9F30B2003A8156;
					};
					7DCCAE162E9F30B4003A8156 = {
						CreatedOnToolsVersion = 15.4;
						TestTargetID = 7DCCADFC2E9F30B2003A8156;
					};
				};
			};
			buildConfigurationList = 7DCCADF82E9F30B2003A8156 /* Build configuration list for PBXProject "TheDailyDev" */;
			compatibilityVersion = "Xcode 14.0";
			developmentRegion = en;
			hasScannedForEncodings = 0;
			knownRegions = (
				en,
				Base,
			);
			mainGroup = 7DCCADF42E9F30B2003A8156;
			productRefGroup = 7DCCADFE2E9F30B2003A8156 /* Products */;
			projectDirPath = "";
			projectRoot = "";
			targets = (
				7DCCADFC2E9F30B2003A8156 /* TheDailyDev */,
				7DCCAE0C2E9F30B4003A8156 /* TheDailyDevTests */,
				7DCCAE162E9F30B4003A8156 /* TheDailyDevUITests */,
			);
		};
/* End PBXProject section */

/* Begin PBXResourcesBuildPhase section */
		7DCCADFB2E9F30B2003A8156 /* Resources */ = {
			isa = PBXResourcesBuildPhase;
			buildActionMask = 2147483647;
			files = (
				7DCCAE082E9F30B4003A8156 /* Preview Assets.xcassets in Resources */,
				7DCCAE052E9F30B4003A8156 /* Assets.xcassets in Resources */,
			);
			runOnlyForDeploymentPostprocessing = 0;
		};
		7DCCAE0B2E9F30B4003A8156 /* Resources */ = {
			isa = PBXResourcesBuildPhase;
			buildActionMask = 2147483647;
			files = (
			);
			runOnlyForDeploymentPostprocessing = 0;
		};
		7DCCAE152E9F30B4003A8156 /* Resources */ = {
			isa = PBXResourcesBuildPhase;
			buildActionMask = 2147483647;
			files = (
			);
			runOnlyForDeploymentPostprocessing = 0;
		};
/* End PBXResourcesBuildPhase section */

/* Begin PBXSourcesBuildPhase section */
		7DCCADF92E9F30B2003A8156 /* Sources */ = {
			isa = PBXSourcesBuildPhase;
			buildActionMask = 2147483647;
			files = (
				7DCCAE032E9F30B2003A8156 /* ContentView.swift in Sources */,
				7DCCAE012E9F30B2003A8156 /* TheDailyDevApp.swift in Sources */,
			);
			runOnlyForDeploymentPostprocessing = 0;
		};
		7DCCAE092E9F30B4003A8156 /* Sources */ = {
			isa = PBXSourcesBuildPhase;
			buildActionMask = 2147483647;
			files = (
				7DCCAE122E9F30B4003A8156 /* TheDailyDevTests.swift in Sources */,
			);
			runOnlyForDeploymentPostprocessing = 0;
		};
		7DCCAE132E9F30B4003A8156 /* Sources */ = {
			isa = PBXSourcesBuildPhase;
			buildActionMask = 2147483647;
			files = (
				7DCCAE1E2E9F30B4003A8156 /* TheDailyDevUITestsLaunchTests.swift in Sources */,
				7DCCAE1C2E9F30B4003A8156 /* TheDailyDevUITests.swift in Sources */,
			);
			runOnlyForDeploymentPostprocessing = 0;
		};
/* End PBXSourcesBuildPhase section */

/* Begin PBXTargetDependency section */
		7DCCAE0F2E9F30B4003A8156 /* PBXTargetDependency */ = {
			isa = PBXTargetDependency;
			target = 7DCCADFC2E9F30B2003A8156 /* TheDailyDev */;
			targetProxy = 7DCCAE0E2E9F30B4003A8156 /* PBXContainerItemProxy */;
		};
		7DCCAE192E9F30B4003A8156 /* PBXTargetDependency */ = {
			isa = PBXTargetDependency;
			target = 7DCCADFC2E9F30B2003A8156 /* TheDailyDev */;
			targetProxy = 7DCCAE182E9F30B4003A8156 /* PBXContainerItemProxy */;
		};
/* End PBXTargetDependency section */

/* Begin XCBuildConfiguration section */
		7DCCAE1F2E9F30B4003A8156 /* Debug */ = {
			isa = XCBuildConfiguration;
			buildSettings = {
				ALWAYS_SEARCH_USER_PATHS = NO;
				ASSETCATALOG_COMPILER_GENERATE_SWIFT_ASSET_SYMBOL_EXTENSIONS = YES;
				CLANG_ANALYZER_NONNULL = YES;
				CLANG_ANALYZER_NUMBER_OBJECT_CONVERSION = YES_AGGRESSIVE;
				CLANG_CXX_LANGUAGE_STANDARD = "gnu++20";
				CLANG_ENABLE_MODULES = YES;
				CLANG_ENABLE_OBJC_ARC = YES;
				CLANG_ENABLE_OBJC_WEAK = YES;
				CLANG_WARN_BLOCK_CAPTURE_AUTORELEASING = YES;
				CLANG_WARN_BOOL_CONVERSION = YES;
				CLANG_WARN_COMMA = YES;
				CLANG_WARN_CONSTANT_CONVERSION = YES;
				CLANG_WARN_DEPRECATED_OBJC_IMPLEMENTATIONS = YES;
				CLANG_WARN_DIRECT_OBJC_ISA_USAGE = YES_ERROR;
				CLANG_WARN_DOCUMENTATION_COMMENTS = YES;
				CLANG_WARN_EMPTY_BODY = YES;
				CLANG_WARN_ENUM_CONVERSION = YES;
				CLANG_WARN_INFINITE_RECURSION = YES;
				CLANG_WARN_INT_CONVERSION = YES;
				CLANG_WARN_NON_LITERAL_NULL_CONVERSION = YES;
				CLANG_WARN_OBJC_IMPLICIT_RETAIN_SELF = YES;
				CLANG_WARN_OBJC_LITERAL_CONVERSION = YES;
				CLANG_WARN_OBJC_ROOT_CLASS = YES_ERROR;
				CLANG_WARN_QUOTED_INCLUDE_IN_FRAMEWORK_HEADER = YES;
				CLANG_WARN_RANGE_LOOP_ANALYSIS = YES;
				CLANG_WARN_STRICT_PROTOTYPES = YES;
				CLANG_WARN_SUSPICIOUS_MOVE = YES;
				CLANG_WARN_UNGUARDED_AVAILABILITY = YES_AGGRESSIVE;
				CLANG_WARN_UNREACHABLE_CODE = YES;
				CLANG_WARN__DUPLICATE_METHOD_MATCH = YES;
				COPY_PHASE_STRIP = NO;
				DEBUG_INFORMATION_FORMAT = dwarf;
				ENABLE_STRICT_OBJC_MSGSEND = YES;
				ENABLE_TESTABILITY = YES;
				ENABLE_USER_SCRIPT_SANDBOXING = YES;
				GCC_C_LANGUAGE_STANDARD = gnu17;
				GCC_DYNAMIC_NO_PIC = NO;
				GCC_NO_COMMON_BLOCKS = YES;
				GCC_OPTIMIZATION_LEVEL = 0;
				GCC_PREPROCESSOR_DEFINITIONS = (
					"DEBUG=1",
					"$(inherited)",
				);
				GCC_WARN_64_TO_32_BIT_CONVERSION = YES;
				GCC_WARN_ABOUT_RETURN_TYPE = YES_ERROR;
				GCC_WARN_UNDECLARED_SELECTOR = YES;
				GCC_WARN_UNINITIALIZED_AUTOS = YES_AGGRESSIVE;
				GCC_WARN_UNUSED_FUNCTION = YES;
				GCC_WARN_UNUSED_VARIABLE = YES;
				IPHONEOS_DEPLOYMENT_TARGET = 17.5;
				LOCALIZATION_PREFERS_STRING_CATALOGS = YES;
				MTL_ENABLE_DEBUG_INFO = INCLUDE_SOURCE;
				MTL_FAST_MATH = YES;
				ONLY_ACTIVE_ARCH = YES;
				SDKROOT = iphoneos;
				SWIFT_ACTIVE_COMPILATION_CONDITIONS = "DEBUG $(inherited)";
				SWIFT_OPTIMIZATION_LEVEL = "-Onone";
			};
			name = Debug;
		};
		7DCCAE202E9F30B4003A8156 /* Release */ = {
			isa = XCBuildConfiguration;
			buildSettings = {
				ALWAYS_SEARCH_USER_PATHS = NO;
				ASSETCATALOG_COMPILER_GENERATE_SWIFT_ASSET_SYMBOL_EXTENSIONS = YES;
				CLANG_ANALYZER_NONNULL = YES;
				CLANG_ANALYZER_NUMBER_OBJECT_CONVERSION = YES_AGGRESSIVE;
				CLANG_CXX_LANGUAGE_STANDARD = "gnu++20";
				CLANG_ENABLE_MODULES = YES;
				CLANG_ENABLE_OBJC_ARC = YES;
				CLANG_ENABLE_OBJC_WEAK = YES;
				CLANG_WARN_BLOCK_CAPTURE_AUTORELEASING = YES;
				CLANG_WARN_BOOL_CONVERSION = YES;
				CLANG_WARN_COMMA = YES;
				CLANG_WARN_CONSTANT_CONVERSION = YES;
				CLANG_WARN_DEPRECATED_OBJC_IMPLEMENTATIONS = YES;
				CLANG_WARN_DIRECT_OBJC_ISA_USAGE = YES_ERROR;
				CLANG_WARN_DOCUMENTATION_COMMENTS = YES;
				CLANG_WARN_EMPTY_BODY = YES;
				CLANG_WARN_ENUM_CONVERSION = YES;
				CLANG_WARN_INFINITE_RECURSION = YES;
				CLANG_WARN_INT_CONVERSION = YES;
				CLANG_WARN_NON_LITERAL_NULL_CONVERSION = YES;
				CLANG_WARN_OBJC_IMPLICIT_RETAIN_SELF = YES;
				CLANG_WARN_OBJC_LITERAL_CONVERSION = YES;
				CLANG_WARN_OBJC_ROOT_CLASS = YES_ERROR;
				CLANG_WARN_QUOTED_INCLUDE_IN_FRAMEWORK_HEADER = YES;
				CLANG_WARN_RANGE_LOOP_ANALYSIS = YES;
				CLANG_WARN_STRICT_PROTOTYPES = YES;
				CLANG_WARN_SUSPICIOUS_MOVE = YES;
				CLANG_WARN_UNGUARDED_AVAILABILITY = YES_AGGRESSIVE;
				CLANG_WARN_UNREACHABLE_CODE = YES;
				CLANG_WARN__DUPLICATE_METHOD_MATCH = YES;
				COPY_PHASE_STRIP = NO;
				DEBUG_INFORMATION_FORMAT = "dwarf-with-dsym";
				ENABLE_NS_ASSERTIONS = NO;
				ENABLE_STRICT_OBJC_MSGSEND = YES;
				ENABLE_USER_SCRIPT_SANDBOXING = YES;
				GCC_C_LANGUAGE_STANDARD = gnu17;
				GCC_NO_COMMON_BLOCKS = YES;
				GCC_WARN_64_TO_32_BIT_CONVERSION = YES;
				GCC_WARN_ABOUT_RETURN_TYPE = YES_ERROR;
				GCC_WARN_UNDECLARED_SELECTOR = YES;
				GCC_WARN_UNINITIALIZED_AUTOS = YES_AGGRESSIVE;
				GCC_WARN_UNUSED_FUNCTION = YES;
				GCC_WARN_UNUSED_VARIABLE = YES;
				IPHONEOS_DEPLOYMENT_TARGET = 17.5;
				LOCALIZATION_PREFERS_STRING_CATALOGS = YES;
				MTL_ENABLE_DEBUG_INFO = NO;
				MTL_FAST_MATH = YES;
				SDKROOT = iphoneos;
				SWIFT_COMPILATION_MODE = wholemodule;
				VALIDATE_PRODUCT = YES;
			};
			name = Release;
		};
		7DCCAE222E9F30B4003A8156 /* Debug */ = {
			isa = XCBuildConfiguration;
			buildSettings = {
				ASSETCATALOG_COMPILER_APPICON_NAME = AppIcon;
				ASSETCATALOG_COMPILER_GLOBAL_ACCENT_COLOR_NAME = AccentColor;
				CODE_SIGN_STYLE = Automatic;
				CURRENT_PROJECT_VERSION = 1;
				DEVELOPMENT_ASSET_PATHS = "\"TheDailyDev/Preview Content\"";
				ENABLE_PREVIEWS = YES;
				GENERATE_INFOPLIST_FILE = YES;
				INFOPLIST_KEY_UIApplicationSceneManifest_Generation = YES;
				INFOPLIST_KEY_UIApplicationSupportsIndirectInputEvents = YES;
				INFOPLIST_KEY_UILaunchScreen_Generation = YES;
				INFOPLIST_KEY_UISupportedInterfaceOrientations_iPad = "UIInterfaceOrientationPortrait UIInterfaceOrientationPortraitUpsideDown UIInterfaceOrientationLandscapeLeft UIInterfaceOrientationLandscapeRight";
				INFOPLIST_KEY_UISupportedInterfaceOrientations_iPhone = "UIInterfaceOrientationPortrait UIInterfaceOrientationLandscapeLeft UIInterfaceOrientationLandscapeRight";
				LD_RUNPATH_SEARCH_PATHS = (
					"$(inherited)",
					"@executable_path/Frameworks",
				);
				MARKETING_VERSION = 1.0;
				PRODUCT_BUNDLE_IDENTIFIER = dailydev.TheDailyDev;
				PRODUCT_NAME = "$(TARGET_NAME)";
				SWIFT_EMIT_LOC_STRINGS = YES;
				SWIFT_VERSION = 5.0;
				TARGETED_DEVICE_FAMILY = "1,2";
			};
			name = Debug;
		};
		7DCCAE232E9F30B4003A8156 /* Release */ = {
			isa = XCBuildConfiguration;
			buildSettings = {
				ASSETCATALOG_COMPILER_APPICON_NAME = AppIcon;
				ASSETCATALOG_COMPILER_GLOBAL_ACCENT_COLOR_NAME = AccentColor;
				CODE_SIGN_STYLE = Automatic;
				CURRENT_PROJECT_VERSION = 1;
				DEVELOPMENT_ASSET_PATHS = "\"TheDailyDev/Preview Content\"";
				ENABLE_PREVIEWS = YES;
				GENERATE_INFOPLIST_FILE = YES;
				INFOPLIST_KEY_UIApplicationSceneManifest_Generation = YES;
				INFOPLIST_KEY_UIApplicationSupportsIndirectInputEvents = YES;
				INFOPLIST_KEY_UILaunchScreen_Generation = YES;
				INFOPLIST_KEY_UISupportedInterfaceOrientations_iPad = "UIInterfaceOrientationPortrait UIInterfaceOrientationPortraitUpsideDown UIInterfaceOrientationLandscapeLeft UIInterfaceOrientationLandscapeRight";
				INFOPLIST_KEY_UISupportedInterfaceOrientations_iPhone = "UIInterfaceOrientationPortrait UIInterfaceOrientationLandscapeLeft UIInterfaceOrientationLandscapeRight";
				LD_RUNPATH_SEARCH_PATHS = (
					"$(inherited)",
					"@executable_path/Frameworks",
				);
				MARKETING_VERSION = 1.0;
				PRODUCT_BUNDLE_IDENTIFIER = dailydev.TheDailyDev;
				PRODUCT_NAME = "$(TARGET_NAME)";
				SWIFT_EMIT_LOC_STRINGS = YES;
				SWIFT_VERSION = 5.0;
				TARGETED_DEVICE_FAMILY = "1,2";
			};
			name = Release;
		};
		7DCCAE252E9F30B4003A8156 /* Debug */ = {
			isa = XCBuildConfiguration;
			buildSettings = {
				ALWAYS_EMBED_SWIFT_STANDARD_LIBRARIES = YES;
				BUNDLE_LOADER = "$(TEST_HOST)";
				CODE_SIGN_STYLE = Automatic;
				CURRENT_PROJECT_VERSION = 1;
				GENERATE_INFOPLIST_FILE = YES;
				IPHONEOS_DEPLOYMENT_TARGET = 17.5;
				MARKETING_VERSION = 1.0;
				PRODUCT_BUNDLE_IDENTIFIER = dailydev.TheDailyDevTests;
				PRODUCT_NAME = "$(TARGET_NAME)";
				SWIFT_EMIT_LOC_STRINGS = NO;
				SWIFT_VERSION = 5.0;
				TARGETED_DEVICE_FAMILY = "1,2";
				TEST_HOST = "$(BUILT_PRODUCTS_DIR)/TheDailyDev.app/$(BUNDLE_EXECUTABLE_FOLDER_PATH)/TheDailyDev";
			};
			name = Debug;
		};
		7DCCAE262E9F30B4003A8156 /* Release */ = {
			isa = XCBuildConfiguration;
			buildSettings = {
				ALWAYS_EMBED_SWIFT_STANDARD_LIBRARIES = YES;
				BUNDLE_LOADER = "$(TEST_HOST)";
				CODE_SIGN_STYLE = Automatic;
				CURRENT_PROJECT_VERSION = 1;
				GENERATE_INFOPLIST_FILE = YES;
				IPHONEOS_DEPLOYMENT_TARGET = 17.5;
				MARKETING_VERSION = 1.0;
				PRODUCT_BUNDLE_IDENTIFIER = dailydev.TheDailyDevTests;
				PRODUCT_NAME = "$(TARGET_NAME)";
				SWIFT_EMIT_LOC_STRINGS = NO;
				SWIFT_VERSION = 5.0;
				TARGETED_DEVICE_FAMILY = "1,2";
				TEST_HOST = "$(BUILT_PRODUCTS_DIR)/TheDailyDev.app/$(BUNDLE_EXECUTABLE_FOLDER_PATH)/TheDailyDev";
			};
			name = Release;
		};
		7DCCAE282E9F30B4003A8156 /* Debug */ = {
			isa = XCBuildConfiguration;
			buildSettings = {
				ALWAYS_EMBED_SWIFT_STANDARD_LIBRARIES = YES;
				CODE_SIGN_STYLE = Automatic;
				CURRENT_PROJECT_VERSION = 1;
				GENERATE_INFOPLIST_FILE = YES;
				MARKETING_VERSION = 1.0;
				PRODUCT_BUNDLE_IDENTIFIER = dailydev.TheDailyDevUITests;
				PRODUCT_NAME = "$(TARGET_NAME)";
				SWIFT_EMIT_LOC_STRINGS = NO;
				SWIFT_VERSION = 5.0;
				TARGETED_DEVICE_FAMILY = "1,2";
				TEST_TARGET_NAME = TheDailyDev;
			};
			name = Debug;
		};
		7DCCAE292E9F30B4003A8156 /* Release */ = {
			isa = XCBuildConfiguration;
			buildSettings = {
				ALWAYS_EMBED_SWIFT_STANDARD_LIBRARIES = YES;
				CODE_SIGN_STYLE = Automatic;
				CURRENT_PROJECT_VERSION = 1;
				GENERATE_INFOPLIST_FILE = YES;
				MARKETING_VERSION = 1.0;
				PRODUCT_BUNDLE_IDENTIFIER = dailydev.TheDailyDevUITests;
				PRODUCT_NAME = "$(TARGET_NAME)";
				SWIFT_EMIT_LOC_STRINGS = NO;
				SWIFT_VERSION = 5.0;
				TARGETED_DEVICE_FAMILY = "1,2";
				TEST_TARGET_NAME = TheDailyDev;
			};
			name = Release;
		};
/* End XCBuildConfiguration section */

/* Begin XCConfigurationList section */
		7DCCADF82E9F30B2003A8156 /* Build configuration list for PBXProject "TheDailyDev" */ = {
			isa = XCConfigurationList;
			buildConfigurations = (
				7DCCAE1F2E9F30B4003A8156 /* Debug */,
				7DCCAE202E9F30B4003A8156 /* Release */,
			);
			defaultConfigurationIsVisible = 0;
			defaultConfigurationName = Release;
		};
		7DCCAE212E9F30B4003A8156 /* Build configuration list for PBXNativeTarget "TheDailyDev" */ = {
			isa = XCConfigurationList;
			buildConfigurations = (
				7DCCAE222E9F30B4003A8156 /* Debug */,
				7DCCAE232E9F30B4003A8156 /* Release */,
			);
			defaultConfigurationIsVisible = 0;
			defaultConfigurationName = Release;
		};
		7DCCAE242E9F30B4003A8156 /* Build configuration list for PBXNativeTarget "TheDailyDevTests" */ = {
			isa = XCConfigurationList;
			buildConfigurations = (
				7DCCAE252E9F30B4003A8156 /* Debug */,
				7DCCAE262E9F30B4003A8156 /* Release */,
			);
			defaultConfigurationIsVisible = 0;
			defaultConfigurationName = Release;
		};
		7DCCAE272E9F30B4003A8156 /* Build configuration list for PBXNativeTarget "TheDailyDevUITests" */ = {
			isa = XCConfigurationList;
			buildConfigurations = (
				7DCCAE282E9F30B4003A8156 /* Debug */,
				7DCCAE292E9F30B4003A8156 /* Release */,
			);
			defaultConfigurationIsVisible = 0;
			defaultConfigurationName = Release;
		};
/* End XCConfigurationList section */
	};
	rootObject = 7DCCADF52E9F30B2003A8156 /* Project object */;
}
